
Microsoft Visual Studio Solution File, Format Version 12.00
# Visual Studio Version 17
VisualStudioVersion = 17.7.34031.279
MinimumVisualStudioVersion = 10.0.40219.1
Project("{2150E333-8FDC-42A3-9474-1A3956D46DE8}") = "09.SimpleConditionalStatements", "09.SimpleConditionalStatements", "{04AC70E6-DE35-4868-AC13-04F1B666FF0B}"
EndProject
Project("{2150E333-8FDC-42A3-9474-1A3956D46DE8}") = "10.ComplexConditionalStatements", "10.ComplexConditionalStatements", "{09F3AAED-AD2B-40EB-AF92-C52AEB6131CB}"
EndProject
Project("{2150E333-8FDC-42A3-9474-1A3956D46DE8}") = "11.ExerciseSimpleAndComplexConditionalStatements", "11.ExerciseSimpleAndComplexConditionalStatements", "{FCCB927A-B698-4EA1-8358-2B3FFBDC9587}"
EndProject
Project("{9A19103F-16F7-4668-BE54-9A1E7A4F7556}") = "09.01.FreezingWeather", "09.01.FreezingWeather\09.01.FreezingWeather.csproj", "{25415F47-4D2D-4B8F-ABE1-578AA8FC78E2}"
EndProject
Project("{9A19103F-16F7-4668-BE54-9A1E7A4F7556}") = "09.02.EvenOrOdd", "09.02.EvenOrOdd\09.02.EvenOrOdd.csproj", "{2BE098BD-4AEE-4891-A212-7996CCB2C5E3}"
EndProject
Project("{9A19103F-16F7-4668-BE54-9A1E7A4F7556}") = "09.03.Number1…9AsWords", "09.03.Number1…9AsWords\09.03.Number1…9AsWords.csproj", "{DE39B28A-606C-405D-9F9C-C63E50612634}"
EndProject
Project("{9A19103F-16F7-4668-BE54-9A1E7A4F7556}") = "09.04.GreaterNumber", "09.04.GreaterNumber\09.04.GreaterNumber.csproj", "{82AD2A95-C4E4-4F8F-989C-C9CE1F660CAB}"
EndProject
Project("{9A19103F-16F7-4668-BE54-9A1E7A4F7556}") = "09.05.GuessThePassword", "09.05.GuessThePassword\09.05.GuessThePassword.csproj", "{908945D4-3FE5-4092-9427-441E20FAB6BD}"
EndProject
Project("{9A19103F-16F7-4668-BE54-9A1E7A4F7556}") = "09.06.BoilingWater", "09.06.BoilingWater\09.06.BoilingWater.csproj", "{5AC707FE-9BEA-4E50-AAB0-CA3FF0A1C274}"
EndProject
Project("{9A19103F-16F7-4668-BE54-9A1E7A4F7556}") = "09.07.SpeedInfo", "09.07.SpeedInfo\09.07.SpeedInfo.csproj", "{EA0857E5-5E2A-4FC0-908E-1E77A65A1718}"
EndProject
Project("{9A19103F-16F7-4668-BE54-9A1E7A4F7556}") = "09.08.TicketPrice", "09.08.TicketPrice\09.08.TicketPrice.csproj", "{81BBA872-1D0A-4402-A0C3-78FE304781CD}"
EndProject
Project("{9A19103F-16F7-4668-BE54-9A1E7A4F7556}") = "09.09.AreaOfFigures", "09.09.AreaOfFigures\09.09.AreaOfFigures.csproj", "{1BFFBC0E-6733-4D2A-8132-2001ECEB9D78}"
EndProject
Project("{9A19103F-16F7-4668-BE54-9A1E7A4F7556}") = "09.10.ValidTriangle", "09.10.ValidTriangle\09.10.ValidTriangle.csproj", "{38DCCE41-658A-452C-A03A-A4A138DD5F40}"
EndProject
Project("{9A19103F-16F7-4668-BE54-9A1E7A4F7556}") = "09.11.CoffeeShop", "09.11.CoffeeShop\09.11.CoffeeShop.csproj", "{2B15AB54-7690-4357-9201-B987BBE520DC}"
EndProject
Project("{9A19103F-16F7-4668-BE54-9A1E7A4F7556}") = "09.12.CoffeeShopWithChecks", "09.12.CoffeeShopWithChecks\09.12.CoffeeShopWithChecks.csproj", "{76446E34-3518-49AA-91AD-4F4D3CF3A203}"
EndProject
Project("{9A19103F-16F7-4668-BE54-9A1E7A4F7556}") = "10.01.Marketplace", "10.01.Marketplace\10.01.Marketplace.csproj", "{7C64304F-5F10-4CBF-B920-D09A8D41DC59}"
EndProject
Project("{9A19103F-16F7-4668-BE54-9A1E7A4F7556}") = "10.02.LargestNumberOutOfThree", "10.02.LargestNumberOutOfThree\10.02.LargestNumberOutOfThree.csproj", "{26DA8898-F02E-4401-8A68-1B76473CC1B4}"
EndProject
Project("{9A19103F-16F7-4668-BE54-9A1E7A4F7556}") = "10.03.BonusScore", "10.03.BonusScore\10.03.BonusScore.csproj", "{1D04DF0B-FD3D-4D3E-8907-031EFA6242E7}"
EndProject
Project("{9A19103F-16F7-4668-BE54-9A1E7A4F7556}") = "10.04.FoodOrDrink", "10.04.FoodOrDrink\10.04.FoodOrDrink.csproj", "{777D8FF4-0E03-4488-870B-9C01F6915282}"
EndProject
Project("{9A19103F-16F7-4668-BE54-9A1E7A4F7556}") = "10.05.FruitOrVegetable", "10.05.FruitOrVegetable\10.05.FruitOrVegetable.csproj", "{9717D140-5F31-4B68-AC5F-0B05098EB185}"
EndProject
Project("{9A19103F-16F7-4668-BE54-9A1E7A4F7556}") = "10.06.DayOfWeek", "10.06.DayOfWeek\10.06.DayOfWeek.csproj", "{C308D337-41AD-47E2-9A58-B8CBD0A345AC}"
EndProject
Project("{9A19103F-16F7-4668-BE54-9A1E7A4F7556}") = "10.07.VowelOrConsonant", "10.07.VowelOrConsonant\10.07.VowelOrConsonant.csproj", "{7CE6719F-2ACB-4FA5-91CD-CF76791671AB}"
EndProject
Project("{9A19103F-16F7-4668-BE54-9A1E7A4F7556}") = "10.08.SortedNumbers", "10.08.SortedNumbers\10.08.SortedNumbers.csproj", "{8C73AB79-1E92-4F4A-BEE0-137287F998D6}"
EndProject
Project("{9A19103F-16F7-4668-BE54-9A1E7A4F7556}") = "10.09.Cinema", "10.09.Cinema\10.09.Cinema.csproj", "{1C1A4E1B-234E-4251-9FEC-9E5D52FE1A8D}"
EndProject
Project("{9A19103F-16F7-4668-BE54-9A1E7A4F7556}") = "11.01.NumberType", "11.01.NumberType\11.01.NumberType.csproj", "{AA90DE0C-B1CF-4530-A549-EF04AD632B8B}"
EndProject
Project("{9A19103F-16F7-4668-BE54-9A1E7A4F7556}") = "11.02.ATM", "11.02.ATM\11.02.ATM.csproj", "{86AD2C25-F8E9-4B1B-BB77-3D920724AF20}"
EndProject
Project("{9A19103F-16F7-4668-BE54-9A1E7A4F7556}") = "11.03.BiggestOfFiveNumbers", "11.03.BiggestOfFiveNumbers\11.03.BiggestOfFiveNumbers.csproj", "{7353631F-06D5-4353-A6D2-4C790AA88F96}"
EndProject
Project("{9A19103F-16F7-4668-BE54-9A1E7A4F7556}") = "11.04.NumberOperations", "11.04.NumberOperations\11.04.NumberOperations.csproj", "{5C695CB9-23EF-4C78-AC70-08AEBFED6910}"
EndProject
Project("{2150E333-8FDC-42A3-9474-1A3956D46DE8}") = "03.FirstStepsInProgrammingDataTypesAndVariablesConditionalStatements", "03.FirstStepsInProgrammingDataTypesAndVariablesConditionalStatements", "{444A339A-D801-451E-868A-C6F8F4FB4F2D}"
EndProject
Project("{2150E333-8FDC-42A3-9474-1A3956D46DE8}") = "04.ExercisesFirstStepsInProgrammingDataTypesCalculations", "04.ExercisesFirstStepsInProgrammingDataTypesCalculations", "{90FB9854-F07D-4F69-9DBF-5FB5DF735731}"
EndProject
Project("{2150E333-8FDC-42A3-9474-1A3956D46DE8}") = "05.ExercisesConditionalStatementsNestedConditionalStatements", "05.ExercisesConditionalStatementsNestedConditionalStatements", "{7C0959BA-4F62-40F9-9F0A-C6E889F8C54E}"
EndProject
Project("{9A19103F-16F7-4668-BE54-9A1E7A4F7556}") = "03.01.HelloSoftUni!", "01.01.HelloSoftUni!\03.01.HelloSoftUni!.csproj", "{93E55113-52C5-462C-BB4C-A5CE4FFC5823}"
EndProject
Project("{9A19103F-16F7-4668-BE54-9A1E7A4F7556}") = "03.02.TextReading", "01.02.TextReading\03.02.TextReading.csproj", "{0CD5110C-5392-4B5E-A612-EC4496CA3787}"
EndProject
Project("{9A19103F-16F7-4668-BE54-9A1E7A4F7556}") = "03.03.SquareArea", "01.03.SquareArea\03.03.SquareArea.csproj", "{A9A34974-C74D-4495-9AE4-1FDF6E62D999}"
EndProject
Project("{9A19103F-16F7-4668-BE54-9A1E7A4F7556}") = "03.04.InchesТoCentimetersConverter", "01.04.InchesТoCentimetersConverter\03.04.InchesТoCentimetersConverter.csproj", "{D16EF7DC-F94B-4479-9CE2-E09935DEB6B2}"
EndProject
Project("{9A19103F-16F7-4668-BE54-9A1E7A4F7556}") = "03.05.ExcellentGradeCheck", "01.05.ExcellentGradeCheck\03.05.ExcellentGradeCheck.csproj", "{42B61F52-E5B2-4334-BA14-632DD73E04A5}"
EndProject
Project("{9A19103F-16F7-4668-BE54-9A1E7A4F7556}") = "03.06.GradesIfElse", "01.06.GradesIfElse\03.06.GradesIfElse.csproj", "{7B4909B9-EAEF-4879-85E2-9F418A3909F0}"
EndProject
Project("{9A19103F-16F7-4668-BE54-9A1E7A4F7556}") = "03.07.EvenOrOdd", "01.07.EvenOrOdd\03.07.EvenOrOdd.csproj", "{4EEF1A96-4DFA-43C4-B6CD-AC862C8AB902}"
EndProject
Project("{9A19103F-16F7-4668-BE54-9A1E7A4F7556}") = "03.08.TheGreaterNumber", "01.08.TheGreaterNumber\03.08.TheGreaterNumber.csproj", "{7CD5E0FF-212E-4013-BABF-DCE081CA8F23}"
EndProject
Project("{9A19103F-16F7-4668-BE54-9A1E7A4F7556}") = "03.09.NumbersNames", "01.09.NumbersNames\03.09.NumbersNames.csproj", "{BA3E26DD-A5AB-4215-B116-B232C3D7405E}"
EndProject
Project("{9A19103F-16F7-4668-BE54-9A1E7A4F7556}") = "03.10.DaysOfTheWeek", "01.10.DaysOfTheWeek\03.10.DaysOfTheWeek.csproj", "{55EAAEAF-6369-41BC-8892-9C5340C3E2CD}"
EndProject
Project("{9A19103F-16F7-4668-BE54-9A1E7A4F7556}") = "03.11.AnimalTypes", "01.11.AnimalTypes\03.11.AnimalTypes.csproj", "{166DF4C9-CDC7-412A-A818-00F73EFDCF12}"
EndProject
Project("{9A19103F-16F7-4668-BE54-9A1E7A4F7556}") = "04.01.ConsoleConverterUSDToBGN", "02.01.ConsoleConverterUSDToBGN\04.01.ConsoleConverterUSDToBGN.csproj", "{C43C1B77-9AB6-4683-A1BC-1AAA89E8FFA7}"
EndProject
Project("{9A19103F-16F7-4668-BE54-9A1E7A4F7556}") = "04.02.ConverterFromRadiansToDegrees", "02.02.ConverterFromRadiansToDegrees\04.02.ConverterFromRadiansToDegrees.csproj", "{3A0E9845-A436-482A-8350-829A4F7460B1}"
EndProject
Project("{9A19103F-16F7-4668-BE54-9A1E7A4F7556}") = "04.03.DepositCalculator", "02.03.DepositCalculator\04.03.DepositCalculator.csproj", "{9BC38527-7322-48A1-8B0C-8BCF150F68C4}"
EndProject
Project("{9A19103F-16F7-4668-BE54-9A1E7A4F7556}") = "04.04.MandatoryLiterature", "02.04.MandatoryLiterature\04.04.MandatoryLiterature.csproj", "{422CB3C1-7839-424B-996F-ABB09EA46504}"
EndProject
Project("{9A19103F-16F7-4668-BE54-9A1E7A4F7556}") = "04.05.TeachingMaterials", "02.05.TeachingMaterials\04.05.TeachingMaterials.csproj", "{23F9EDCD-8206-4DA7-9682-1BA5FCBBB499}"
EndProject
Project("{9A19103F-16F7-4668-BE54-9A1E7A4F7556}") = "04.06.Redecorating", "02.06.Redecorating\04.06.Redecorating.csproj", "{7F87B5ED-4F7F-4DE2-82C4-6F35CA418EB7}"
EndProject
Project("{9A19103F-16F7-4668-BE54-9A1E7A4F7556}") = "04.07.FoodDelivery", "02.07.FoodDelivery\04.07.FoodDelivery.csproj", "{5A558BCA-2727-4581-87BA-DFEA0EA186BE}"
EndProject
Project("{9A19103F-16F7-4668-BE54-9A1E7A4F7556}") = "04.08. BasketballEquipment", "02.08. BasketballEquipment\04.08. BasketballEquipment.csproj", "{6C3D0B31-D5A5-4CC2-81CC-0C2B2F5C759A}"
EndProject
Project("{9A19103F-16F7-4668-BE54-9A1E7A4F7556}") = "04.09.Aquarium", "02.09.Aquarium\04.09.Aquarium.csproj", "{4450CA21-00AB-44B8-B460-35F442D044A8}"
EndProject
Project("{9A19103F-16F7-4668-BE54-9A1E7A4F7556}") = "05.01.Cinema", "03.01.Cinema\05.01.Cinema.csproj", "{F422D769-C56F-4428-90ED-7DDB53E13452}"
EndProject
Project("{9A19103F-16F7-4668-BE54-9A1E7A4F7556}") = "05.02.SummerClothing", "03.02.SummerClothing\05.02.SummerClothing.csproj", "{10C85F05-F8CC-4A29-A30B-346409B2747F}"
EndProject
Project("{9A19103F-16F7-4668-BE54-9A1E7A4F7556}") = "05.03.NewHome", "03.03.NewHome\05.03.NewHome.csproj", "{FB905C11-D982-4338-A21A-10B8FDDEB395}"
EndProject
Project("{9A19103F-16F7-4668-BE54-9A1E7A4F7556}") = "05.04.FishingBoat", "04.04.FishingBoat\05.04.FishingBoat.csproj", "{FBEB8C35-7A46-4ECC-8BF2-D5F3A07E10CA}"
EndProject
Project("{2150E333-8FDC-42A3-9474-1A3956D46DE8}") = "06.LoopsWhileAndForLoopsNestedLoops", "06.LoopsWhileAndForLoopsNestedLoops", "{69FD1612-F893-4607-AE0B-0E36D9A15184}"
EndProject
Project("{2150E333-8FDC-42A3-9474-1A3956D46DE8}") = "07.ExercisesSimpleLoops", "07.ExercisesSimpleLoops", "{A3C2E900-1DFE-45B0-B14A-8DF6BCD622D2}"
EndProject
Project("{2150E333-8FDC-42A3-9474-1A3956D46DE8}") = "08.ExercisesNestedLoops", "08.ExercisesNestedLoops", "{2A4F4841-F76A-414C-8983-5A1C92719764}"
EndProject
Project("{9A19103F-16F7-4668-BE54-9A1E7A4F7556}") = "11.05.VacationExpenses", "11.05.VacationExpenses\11.05.VacationExpenses.csproj", "{B1C2E04C-3590-415B-BC73-BD0257612578}"
EndProject
Project("{9A19103F-16F7-4668-BE54-9A1E7A4F7556}") = "11.06.ProductOfThreeNumbers", "11.06.ProductOfThreeNumbers\11.06.ProductOfThreeNumbers.csproj", "{6916D784-76D1-436C-98E6-29D2E30901F2}"
EndProject
Project("{9A19103F-16F7-4668-BE54-9A1E7A4F7556}") = "11.07.WorkingHours", "11.07.WorkingHours\11.07.WorkingHours.csproj", "{C674CC18-5CC4-4634-8262-006F51EB6926}"
EndProject
Project("{9A19103F-16F7-4668-BE54-9A1E7A4F7556}") = "11.08.InvalidNumber", "11.08.InvalidNumber\11.08.InvalidNumber.csproj", "{BE040D91-9528-4986-9DF8-0ECCA3C24FB5}"
EndProject
Project("{9A19103F-16F7-4668-BE54-9A1E7A4F7556}") = "11.09.SumSeconds", "11.09.SumSeconds\11.09.SumSeconds.csproj", "{AD96E1DF-5CCA-4D97-891D-411769CEE351}"
EndProject
Project("{9A19103F-16F7-4668-BE54-9A1E7A4F7556}") = "11.10.SummerOutfit", "11.10.SummerOutfit\11.10.SummerOutfit.csproj", "{A20C5F26-4BB5-4FFF-8F46-38F6AB628A1D}"
EndProject
Project("{9A19103F-16F7-4668-BE54-9A1E7A4F7556}") = "05.05.Journey", "05.05.Journey\05.05.Journey.csproj", "{7EEB0F02-9A24-4041-9A92-A82DFC68FEC8}"
EndProject
Project("{9A19103F-16F7-4668-BE54-9A1E7A4F7556}") = "05.06.Operations", "05.06.Operations\05.06.Operations.csproj", "{A5AC9F06-5D4A-40FE-B895-C77670C066FE}"
EndProject
Project("{9A19103F-16F7-4668-BE54-9A1E7A4F7556}") = "05.07.HotelRoom", "05.07.HotelRoom\05.07.HotelRoom.csproj", "{E1A4CA9B-FFC5-4301-BE0E-30ADEC5D2E3C}"
EndProject
Project("{9A19103F-16F7-4668-BE54-9A1E7A4F7556}") = "05.08.OnTimeForExam", "05.08.On imeForExam\05.08.OnTimeForExam.csproj", "{F39973AE-317B-42FE-BC04-12B67261979C}"
EndProject
Project("{9A19103F-16F7-4668-BE54-9A1E7A4F7556}") = "05.09.SkiHoliday", "05.09.SkiHoliday\05.09.SkiHoliday.csproj", "{B3E70FEB-F415-4912-B581-2071FBE45C7D}"
EndProject
Project("{9A19103F-16F7-4668-BE54-9A1E7A4F7556}") = "05.09.SkyHoliday0.1", "05.09.SkyHoliday0.1\05.09.SkyHoliday0.1.csproj", "{5899EF2C-F290-48C5-A576-835D879CD285}"
EndProject
Project("{2150E333-8FDC-42A3-9474-1A3956D46DE8}") = "12.ForLoop", "12.ForLoop", "{641AF2B9-9879-4CF9-AE34-644FE7B899F3}"
EndProject
Project("{9A19103F-16F7-4668-BE54-9A1E7A4F7556}") = "12.01.NumbersinRange", "12.01.NumbersinRange\12.01.NumbersinRange.csproj", "{B6567337-8A52-4AC3-87C4-C0B09B3BC03B}"
EndProject
Project("{9A19103F-16F7-4668-BE54-9A1E7A4F7556}") = "12.02.FirstNNumbersSum", "12.02.FirstNNumbersSum\12.02.FirstNNumbersSum.csproj", "{933FC582-D951-4ED4-9251-813A58DDCA21}"
EndProject
Project("{9A19103F-16F7-4668-BE54-9A1E7A4F7556}") = "12.03.SumNumbers", "12.03.SumNumbers\12.03.SumNumbers.csproj", "{AF2E951C-4AE4-4417-9B35-A296A9928020}"
EndProject
Project("{9A19103F-16F7-4668-BE54-9A1E7A4F7556}") = "12.04.NumbersEndingIn7", "12.04.NumbersEndingIn7\12.04.NumbersEndingIn7.csproj", "{A6930281-84A9-42EB-A220-EA8C00445E57}"
EndProject
Project("{9A19103F-16F7-4668-BE54-9A1E7A4F7556}") = "12.05.NumbersFrom1ToNOver3", "12.05.NumbersFrom1ToNOver3\12.05.NumbersFrom1ToNOver3.csproj", "{CB90F4B8-DFF4-4693-849A-967D54F15140}"
EndProject
Project("{9A19103F-16F7-4668-BE54-9A1E7A4F7556}") = "12.06.ExamCountdown", "12.06.ExamCountdown\12.06.ExamCountdown.csproj", "{208F887C-62BF-4C5C-8C56-31E8A849947F}"
EndProject
Project("{9A19103F-16F7-4668-BE54-9A1E7A4F7556}") = "12.07.LatinLetters", "12.07.LatinLetters\12.07.LatinLetters.csproj", "{3DB20C82-AB8C-4C26-B2C6-52FD3515A32B}"
EndProject
Project("{2150E333-8FDC-42A3-9474-1A3956D46DE8}") = "13.WhileLoop", "13.WhileLoop", "{42DBC661-1FE2-422E-BB53-5A4DEB6735F9}"
EndProject
Project("{9A19103F-16F7-4668-BE54-9A1E7A4F7556}") = "13.01.DecreasingNumbers", "13.01.DecreasingNumbers\13.01.DecreasingNumbers.csproj", "{17B82A58-0B47-4E52-8DD6-ED920C89FDB8}"
EndProject
Project("{9A19103F-16F7-4668-BE54-9A1E7A4F7556}") = "13.02.OddNumber", "13.02.OddNumber\13.02.OddNumber.csproj", "{1CCF3A5B-F07E-493D-AAC7-063096C64131}"
EndProject
Project("{9A19103F-16F7-4668-BE54-9A1E7A4F7556}") = "13.03.Sequence 2k+1", "13.03.Sequence 2k+1\13.03.Sequence 2k+1.csproj", "{654E88A0-63CB-4AC0-BB02-5BABEC4DED39}"
EndProject
Project("{9A19103F-16F7-4668-BE54-9A1E7A4F7556}") = "13.04.SumDigits", "13.04.SumDigits\13.04.SumDigits.csproj", "{8D3F56BA-8845-4BD2-96D0-75EF2BA66F25}"
EndProject
Project("{9A19103F-16F7-4668-BE54-9A1E7A4F7556}") = "13.05.NumberInRange", "13.05.NumberInRange\13.05.NumberInRange.csproj", "{F1E96BC3-2C1B-45F6-8A89-B17C2D976773}"
EndProject
Project("{9A19103F-16F7-4668-BE54-9A1E7A4F7556}") = "13.06.NumberProcessor", "13.06.NumberProcessor\13.06.NumberProcessor.csproj", "{20F0DACB-BA75-46C2-9CAE-BDF4CF085A72}"
EndProject
Project("{2150E333-8FDC-42A3-9474-1A3956D46DE8}") = "14.ExerciseLoops", "14.ExerciseLoops", "{6B625248-32AE-409C-9661-CEECB7FC4929}"
EndProject
Project("{9A19103F-16F7-4668-BE54-9A1E7A4F7556}") = "14.01.PowerOfNumber", "14.01.PowerOfNumber\14.01.PowerOfNumber.csproj", "{A90D110E-EFC6-4FEC-99D0-192C679C27B2}"
EndProject
Project("{9A19103F-16F7-4668-BE54-9A1E7A4F7556}") = "14.02.MultiplicationTable", "14.02.MultiplicationTable\14.02.MultiplicationTable.csproj", "{3F7D5808-1D10-4F32-AC72-B9F0AE6DE414}"
EndProject
Project("{9A19103F-16F7-4668-BE54-9A1E7A4F7556}") = "14.03.BiggestNumber", "14.03.BiggestNumber\14.03.BiggestNumber.csproj", "{3B670B09-802F-4D6B-9040-DF6F854CC994}"
EndProject
Project("{9A19103F-16F7-4668-BE54-9A1E7A4F7556}") = "14.04.VowelSum", "14.04.VowelSum\14.04.VowelSum.csproj", "{232AC549-80A7-4480-B540-C9DC805A3BA0}"
EndProject
Project("{9A19103F-16F7-4668-BE54-9A1E7A4F7556}") = "14.05.DivisionTo2,3And4", "14.05.DivisionTo2,3And4\14.05.DivisionTo2,3And4.csproj", "{CF54EC04-C157-4D9E-9F24-47E9F6DDE38A}"
EndProject
Project("{9A19103F-16F7-4668-BE54-9A1E7A4F7556}") = "14.06.SpecialNumber", "14.06.SpecialNumber\14.06.SpecialNumber.csproj", "{FF20A411-A8F7-483F-BC95-7388F3219C25}"
EndProject
Project("{9A19103F-16F7-4668-BE54-9A1E7A4F7556}") = "14.07.SpecialBonus", "14.07.SpecialBonus\14.07.SpecialBonus.csproj", "{0202CB8E-7C94-4C08-9A56-A562ED5EAA15}"
EndProject
Project("{9A19103F-16F7-4668-BE54-9A1E7A4F7556}") = "14.08.AccountBalance", "14.08.AccountBalance\14.08.AccountBalance.csproj", "{8C53EFD3-EBE1-4DF8-944B-309D89B47FED}"
EndProject
Project("{2150E333-8FDC-42A3-9474-1A3956D46DE8}") = "15.NestedLoopsLab", "15.NestedLoopsLab", "{44194E2E-1437-4124-AA2E-8B983B9FDA14}"
EndProject
Project("{9A19103F-16F7-4668-BE54-9A1E7A4F7556}") = "15.01.NumbersFromNTo1", "15.01.NumbersFromNTo1\15.01.NumbersFromNTo1.csproj", "{15F5DB11-BF62-4A21-AA8F-E98491273E5A}"
EndProject
Project("{9A19103F-16F7-4668-BE54-9A1E7A4F7556}") = "15.02.EvenPowersOf2", "15.02.EvenPowersOf2\15.02.EvenPowersOf2.csproj", "{7846178B-3A14-498C-99CA-3BDD4E855148}"
EndProject
Project("{9A19103F-16F7-4668-BE54-9A1E7A4F7556}") = "15.03.TriangleOfStars", "15.03.TriangleOfStars\15.03.TriangleOfStars.csproj", "{83B5C569-3AB0-4DED-AC23-2B87F78DA5AF}"
EndProject
Project("{9A19103F-16F7-4668-BE54-9A1E7A4F7556}") = "15.04.Building", "15.04.Building\15.04.Building.csproj", "{2F6365A4-BF63-4B15-8E35-B879E6688ED4}"
EndProject
Project("{9A19103F-16F7-4668-BE54-9A1E7A4F7556}") = "15.05.NumberPyramid", "15.05.NumberPyramid\15.05.NumberPyramid.csproj", "{F9C58CCE-E3C4-4D6D-AB25-294893CDBA90}"
EndProject
Project("{9A19103F-16F7-4668-BE54-9A1E7A4F7556}") = "15.06.TravelSavings", "15.06.TravelSavings\15.06.TravelSavings.csproj", "{6D619891-7EB4-4D15-9F08-E9556CA416B8}"
EndProject
Project("{2150E333-8FDC-42A3-9474-1A3956D46DE8}") = "00.Demos", "00.Demos", "{EAC15223-0148-44AC-9B2F-424517F09AEA}"
EndProject
Project("{9A19103F-16F7-4668-BE54-9A1E7A4F7556}") = "00.01.Clock", "00.01.Clock\00.01.Clock.csproj", "{7F33544B-7466-463C-A78B-746C7DD7998A}"
EndProject
Project("{FAE04EC0-301F-11D3-BF4B-00C04F79EFBC}") = "15.07.SumOfDigitsCalculator", "15.07.SumOfDigitsCalculator\15.07.SumOfDigitsCalculator.csproj", "{B464AB6D-B66B-4155-8511-B9B73FACD15A}"
EndProject
Project("{FAE04EC0-301F-11D3-BF4B-00C04F79EFBC}") = "15.08.PrimeNumbers", "15.08.PrimeNumbers\15.08.PrimeNumbers.csproj", "{20DBBF6E-9271-4408-91A3-61CEBD598167}"
EndProject
Global
	GlobalSection(SolutionConfigurationPlatforms) = preSolution
		Debug|Any CPU = Debug|Any CPU
		Release|Any CPU = Release|Any CPU
	EndGlobalSection
	GlobalSection(ProjectConfigurationPlatforms) = postSolution
		{25415F47-4D2D-4B8F-ABE1-578AA8FC78E2}.Debug|Any CPU.ActiveCfg = Debug|Any CPU
		{25415F47-4D2D-4B8F-ABE1-578AA8FC78E2}.Debug|Any CPU.Build.0 = Debug|Any CPU
		{25415F47-4D2D-4B8F-ABE1-578AA8FC78E2}.Release|Any CPU.ActiveCfg = Release|Any CPU
		{25415F47-4D2D-4B8F-ABE1-578AA8FC78E2}.Release|Any CPU.Build.0 = Release|Any CPU
		{2BE098BD-4AEE-4891-A212-7996CCB2C5E3}.Debug|Any CPU.ActiveCfg = Debug|Any CPU
		{2BE098BD-4AEE-4891-A212-7996CCB2C5E3}.Debug|Any CPU.Build.0 = Debug|Any CPU
		{2BE098BD-4AEE-4891-A212-7996CCB2C5E3}.Release|Any CPU.ActiveCfg = Release|Any CPU
		{2BE098BD-4AEE-4891-A212-7996CCB2C5E3}.Release|Any CPU.Build.0 = Release|Any CPU
		{DE39B28A-606C-405D-9F9C-C63E50612634}.Debug|Any CPU.ActiveCfg = Debug|Any CPU
		{DE39B28A-606C-405D-9F9C-C63E50612634}.Debug|Any CPU.Build.0 = Debug|Any CPU
		{DE39B28A-606C-405D-9F9C-C63E50612634}.Release|Any CPU.ActiveCfg = Release|Any CPU
		{DE39B28A-606C-405D-9F9C-C63E50612634}.Release|Any CPU.Build.0 = Release|Any CPU
		{82AD2A95-C4E4-4F8F-989C-C9CE1F660CAB}.Debug|Any CPU.ActiveCfg = Debug|Any CPU
		{82AD2A95-C4E4-4F8F-989C-C9CE1F660CAB}.Debug|Any CPU.Build.0 = Debug|Any CPU
		{82AD2A95-C4E4-4F8F-989C-C9CE1F660CAB}.Release|Any CPU.ActiveCfg = Release|Any CPU
		{82AD2A95-C4E4-4F8F-989C-C9CE1F660CAB}.Release|Any CPU.Build.0 = Release|Any CPU
		{908945D4-3FE5-4092-9427-441E20FAB6BD}.Debug|Any CPU.ActiveCfg = Debug|Any CPU
		{908945D4-3FE5-4092-9427-441E20FAB6BD}.Debug|Any CPU.Build.0 = Debug|Any CPU
		{908945D4-3FE5-4092-9427-441E20FAB6BD}.Release|Any CPU.ActiveCfg = Release|Any CPU
		{908945D4-3FE5-4092-9427-441E20FAB6BD}.Release|Any CPU.Build.0 = Release|Any CPU
		{5AC707FE-9BEA-4E50-AAB0-CA3FF0A1C274}.Debug|Any CPU.ActiveCfg = Debug|Any CPU
		{5AC707FE-9BEA-4E50-AAB0-CA3FF0A1C274}.Debug|Any CPU.Build.0 = Debug|Any CPU
		{5AC707FE-9BEA-4E50-AAB0-CA3FF0A1C274}.Release|Any CPU.ActiveCfg = Release|Any CPU
		{5AC707FE-9BEA-4E50-AAB0-CA3FF0A1C274}.Release|Any CPU.Build.0 = Release|Any CPU
		{EA0857E5-5E2A-4FC0-908E-1E77A65A1718}.Debug|Any CPU.ActiveCfg = Debug|Any CPU
		{EA0857E5-5E2A-4FC0-908E-1E77A65A1718}.Debug|Any CPU.Build.0 = Debug|Any CPU
		{EA0857E5-5E2A-4FC0-908E-1E77A65A1718}.Release|Any CPU.ActiveCfg = Release|Any CPU
		{EA0857E5-5E2A-4FC0-908E-1E77A65A1718}.Release|Any CPU.Build.0 = Release|Any CPU
		{81BBA872-1D0A-4402-A0C3-78FE304781CD}.Debug|Any CPU.ActiveCfg = Debug|Any CPU
		{81BBA872-1D0A-4402-A0C3-78FE304781CD}.Debug|Any CPU.Build.0 = Debug|Any CPU
		{81BBA872-1D0A-4402-A0C3-78FE304781CD}.Release|Any CPU.ActiveCfg = Release|Any CPU
		{81BBA872-1D0A-4402-A0C3-78FE304781CD}.Release|Any CPU.Build.0 = Release|Any CPU
		{1BFFBC0E-6733-4D2A-8132-2001ECEB9D78}.Debug|Any CPU.ActiveCfg = Debug|Any CPU
		{1BFFBC0E-6733-4D2A-8132-2001ECEB9D78}.Debug|Any CPU.Build.0 = Debug|Any CPU
		{1BFFBC0E-6733-4D2A-8132-2001ECEB9D78}.Release|Any CPU.ActiveCfg = Release|Any CPU
		{1BFFBC0E-6733-4D2A-8132-2001ECEB9D78}.Release|Any CPU.Build.0 = Release|Any CPU
		{38DCCE41-658A-452C-A03A-A4A138DD5F40}.Debug|Any CPU.ActiveCfg = Debug|Any CPU
		{38DCCE41-658A-452C-A03A-A4A138DD5F40}.Debug|Any CPU.Build.0 = Debug|Any CPU
		{38DCCE41-658A-452C-A03A-A4A138DD5F40}.Release|Any CPU.ActiveCfg = Release|Any CPU
		{38DCCE41-658A-452C-A03A-A4A138DD5F40}.Release|Any CPU.Build.0 = Release|Any CPU
		{2B15AB54-7690-4357-9201-B987BBE520DC}.Debug|Any CPU.ActiveCfg = Debug|Any CPU
		{2B15AB54-7690-4357-9201-B987BBE520DC}.Debug|Any CPU.Build.0 = Debug|Any CPU
		{2B15AB54-7690-4357-9201-B987BBE520DC}.Release|Any CPU.ActiveCfg = Release|Any CPU
		{2B15AB54-7690-4357-9201-B987BBE520DC}.Release|Any CPU.Build.0 = Release|Any CPU
		{76446E34-3518-49AA-91AD-4F4D3CF3A203}.Debug|Any CPU.ActiveCfg = Debug|Any CPU
		{76446E34-3518-49AA-91AD-4F4D3CF3A203}.Debug|Any CPU.Build.0 = Debug|Any CPU
		{76446E34-3518-49AA-91AD-4F4D3CF3A203}.Release|Any CPU.ActiveCfg = Release|Any CPU
		{76446E34-3518-49AA-91AD-4F4D3CF3A203}.Release|Any CPU.Build.0 = Release|Any CPU
		{7C64304F-5F10-4CBF-B920-D09A8D41DC59}.Debug|Any CPU.ActiveCfg = Debug|Any CPU
		{7C64304F-5F10-4CBF-B920-D09A8D41DC59}.Debug|Any CPU.Build.0 = Debug|Any CPU
		{7C64304F-5F10-4CBF-B920-D09A8D41DC59}.Release|Any CPU.ActiveCfg = Release|Any CPU
		{7C64304F-5F10-4CBF-B920-D09A8D41DC59}.Release|Any CPU.Build.0 = Release|Any CPU
		{26DA8898-F02E-4401-8A68-1B76473CC1B4}.Debug|Any CPU.ActiveCfg = Debug|Any CPU
		{26DA8898-F02E-4401-8A68-1B76473CC1B4}.Debug|Any CPU.Build.0 = Debug|Any CPU
		{26DA8898-F02E-4401-8A68-1B76473CC1B4}.Release|Any CPU.ActiveCfg = Release|Any CPU
		{26DA8898-F02E-4401-8A68-1B76473CC1B4}.Release|Any CPU.Build.0 = Release|Any CPU
		{1D04DF0B-FD3D-4D3E-8907-031EFA6242E7}.Debug|Any CPU.ActiveCfg = Debug|Any CPU
		{1D04DF0B-FD3D-4D3E-8907-031EFA6242E7}.Debug|Any CPU.Build.0 = Debug|Any CPU
		{1D04DF0B-FD3D-4D3E-8907-031EFA6242E7}.Release|Any CPU.ActiveCfg = Release|Any CPU
		{1D04DF0B-FD3D-4D3E-8907-031EFA6242E7}.Release|Any CPU.Build.0 = Release|Any CPU
		{777D8FF4-0E03-4488-870B-9C01F6915282}.Debug|Any CPU.ActiveCfg = Debug|Any CPU
		{777D8FF4-0E03-4488-870B-9C01F6915282}.Debug|Any CPU.Build.0 = Debug|Any CPU
		{777D8FF4-0E03-4488-870B-9C01F6915282}.Release|Any CPU.ActiveCfg = Release|Any CPU
		{777D8FF4-0E03-4488-870B-9C01F6915282}.Release|Any CPU.Build.0 = Release|Any CPU
		{9717D140-5F31-4B68-AC5F-0B05098EB185}.Debug|Any CPU.ActiveCfg = Debug|Any CPU
		{9717D140-5F31-4B68-AC5F-0B05098EB185}.Debug|Any CPU.Build.0 = Debug|Any CPU
		{9717D140-5F31-4B68-AC5F-0B05098EB185}.Release|Any CPU.ActiveCfg = Release|Any CPU
		{9717D140-5F31-4B68-AC5F-0B05098EB185}.Release|Any CPU.Build.0 = Release|Any CPU
		{C308D337-41AD-47E2-9A58-B8CBD0A345AC}.Debug|Any CPU.ActiveCfg = Debug|Any CPU
		{C308D337-41AD-47E2-9A58-B8CBD0A345AC}.Debug|Any CPU.Build.0 = Debug|Any CPU
		{C308D337-41AD-47E2-9A58-B8CBD0A345AC}.Release|Any CPU.ActiveCfg = Release|Any CPU
		{C308D337-41AD-47E2-9A58-B8CBD0A345AC}.Release|Any CPU.Build.0 = Release|Any CPU
		{7CE6719F-2ACB-4FA5-91CD-CF76791671AB}.Debug|Any CPU.ActiveCfg = Debug|Any CPU
		{7CE6719F-2ACB-4FA5-91CD-CF76791671AB}.Debug|Any CPU.Build.0 = Debug|Any CPU
		{7CE6719F-2ACB-4FA5-91CD-CF76791671AB}.Release|Any CPU.ActiveCfg = Release|Any CPU
		{7CE6719F-2ACB-4FA5-91CD-CF76791671AB}.Release|Any CPU.Build.0 = Release|Any CPU
		{8C73AB79-1E92-4F4A-BEE0-137287F998D6}.Debug|Any CPU.ActiveCfg = Debug|Any CPU
		{8C73AB79-1E92-4F4A-BEE0-137287F998D6}.Debug|Any CPU.Build.0 = Debug|Any CPU
		{8C73AB79-1E92-4F4A-BEE0-137287F998D6}.Release|Any CPU.ActiveCfg = Release|Any CPU
		{8C73AB79-1E92-4F4A-BEE0-137287F998D6}.Release|Any CPU.Build.0 = Release|Any CPU
		{1C1A4E1B-234E-4251-9FEC-9E5D52FE1A8D}.Debug|Any CPU.ActiveCfg = Debug|Any CPU
		{1C1A4E1B-234E-4251-9FEC-9E5D52FE1A8D}.Debug|Any CPU.Build.0 = Debug|Any CPU
		{1C1A4E1B-234E-4251-9FEC-9E5D52FE1A8D}.Release|Any CPU.ActiveCfg = Release|Any CPU
		{1C1A4E1B-234E-4251-9FEC-9E5D52FE1A8D}.Release|Any CPU.Build.0 = Release|Any CPU
		{AA90DE0C-B1CF-4530-A549-EF04AD632B8B}.Debug|Any CPU.ActiveCfg = Debug|Any CPU
		{AA90DE0C-B1CF-4530-A549-EF04AD632B8B}.Debug|Any CPU.Build.0 = Debug|Any CPU
		{AA90DE0C-B1CF-4530-A549-EF04AD632B8B}.Release|Any CPU.ActiveCfg = Release|Any CPU
		{AA90DE0C-B1CF-4530-A549-EF04AD632B8B}.Release|Any CPU.Build.0 = Release|Any CPU
		{86AD2C25-F8E9-4B1B-BB77-3D920724AF20}.Debug|Any CPU.ActiveCfg = Debug|Any CPU
		{86AD2C25-F8E9-4B1B-BB77-3D920724AF20}.Debug|Any CPU.Build.0 = Debug|Any CPU
		{86AD2C25-F8E9-4B1B-BB77-3D920724AF20}.Release|Any CPU.ActiveCfg = Release|Any CPU
		{86AD2C25-F8E9-4B1B-BB77-3D920724AF20}.Release|Any CPU.Build.0 = Release|Any CPU
		{7353631F-06D5-4353-A6D2-4C790AA88F96}.Debug|Any CPU.ActiveCfg = Debug|Any CPU
		{7353631F-06D5-4353-A6D2-4C790AA88F96}.Debug|Any CPU.Build.0 = Debug|Any CPU
		{7353631F-06D5-4353-A6D2-4C790AA88F96}.Release|Any CPU.ActiveCfg = Release|Any CPU
		{7353631F-06D5-4353-A6D2-4C790AA88F96}.Release|Any CPU.Build.0 = Release|Any CPU
		{5C695CB9-23EF-4C78-AC70-08AEBFED6910}.Debug|Any CPU.ActiveCfg = Debug|Any CPU
		{5C695CB9-23EF-4C78-AC70-08AEBFED6910}.Debug|Any CPU.Build.0 = Debug|Any CPU
		{5C695CB9-23EF-4C78-AC70-08AEBFED6910}.Release|Any CPU.ActiveCfg = Release|Any CPU
		{5C695CB9-23EF-4C78-AC70-08AEBFED6910}.Release|Any CPU.Build.0 = Release|Any CPU
		{93E55113-52C5-462C-BB4C-A5CE4FFC5823}.Debug|Any CPU.ActiveCfg = Debug|Any CPU
		{93E55113-52C5-462C-BB4C-A5CE4FFC5823}.Debug|Any CPU.Build.0 = Debug|Any CPU
		{93E55113-52C5-462C-BB4C-A5CE4FFC5823}.Release|Any CPU.ActiveCfg = Release|Any CPU
		{93E55113-52C5-462C-BB4C-A5CE4FFC5823}.Release|Any CPU.Build.0 = Release|Any CPU
		{0CD5110C-5392-4B5E-A612-EC4496CA3787}.Debug|Any CPU.ActiveCfg = Debug|Any CPU
		{0CD5110C-5392-4B5E-A612-EC4496CA3787}.Debug|Any CPU.Build.0 = Debug|Any CPU
		{0CD5110C-5392-4B5E-A612-EC4496CA3787}.Release|Any CPU.ActiveCfg = Release|Any CPU
		{0CD5110C-5392-4B5E-A612-EC4496CA3787}.Release|Any CPU.Build.0 = Release|Any CPU
		{A9A34974-C74D-4495-9AE4-1FDF6E62D999}.Debug|Any CPU.ActiveCfg = Debug|Any CPU
		{A9A34974-C74D-4495-9AE4-1FDF6E62D999}.Debug|Any CPU.Build.0 = Debug|Any CPU
		{A9A34974-C74D-4495-9AE4-1FDF6E62D999}.Release|Any CPU.ActiveCfg = Release|Any CPU
		{A9A34974-C74D-4495-9AE4-1FDF6E62D999}.Release|Any CPU.Build.0 = Release|Any CPU
		{D16EF7DC-F94B-4479-9CE2-E09935DEB6B2}.Debug|Any CPU.ActiveCfg = Debug|Any CPU
		{D16EF7DC-F94B-4479-9CE2-E09935DEB6B2}.Debug|Any CPU.Build.0 = Debug|Any CPU
		{D16EF7DC-F94B-4479-9CE2-E09935DEB6B2}.Release|Any CPU.ActiveCfg = Release|Any CPU
		{D16EF7DC-F94B-4479-9CE2-E09935DEB6B2}.Release|Any CPU.Build.0 = Release|Any CPU
		{42B61F52-E5B2-4334-BA14-632DD73E04A5}.Debug|Any CPU.ActiveCfg = Debug|Any CPU
		{42B61F52-E5B2-4334-BA14-632DD73E04A5}.Debug|Any CPU.Build.0 = Debug|Any CPU
		{42B61F52-E5B2-4334-BA14-632DD73E04A5}.Release|Any CPU.ActiveCfg = Release|Any CPU
		{42B61F52-E5B2-4334-BA14-632DD73E04A5}.Release|Any CPU.Build.0 = Release|Any CPU
		{7B4909B9-EAEF-4879-85E2-9F418A3909F0}.Debug|Any CPU.ActiveCfg = Debug|Any CPU
		{7B4909B9-EAEF-4879-85E2-9F418A3909F0}.Debug|Any CPU.Build.0 = Debug|Any CPU
		{7B4909B9-EAEF-4879-85E2-9F418A3909F0}.Release|Any CPU.ActiveCfg = Release|Any CPU
		{7B4909B9-EAEF-4879-85E2-9F418A3909F0}.Release|Any CPU.Build.0 = Release|Any CPU
		{4EEF1A96-4DFA-43C4-B6CD-AC862C8AB902}.Debug|Any CPU.ActiveCfg = Debug|Any CPU
		{4EEF1A96-4DFA-43C4-B6CD-AC862C8AB902}.Debug|Any CPU.Build.0 = Debug|Any CPU
		{4EEF1A96-4DFA-43C4-B6CD-AC862C8AB902}.Release|Any CPU.ActiveCfg = Release|Any CPU
		{4EEF1A96-4DFA-43C4-B6CD-AC862C8AB902}.Release|Any CPU.Build.0 = Release|Any CPU
		{7CD5E0FF-212E-4013-BABF-DCE081CA8F23}.Debug|Any CPU.ActiveCfg = Debug|Any CPU
		{7CD5E0FF-212E-4013-BABF-DCE081CA8F23}.Debug|Any CPU.Build.0 = Debug|Any CPU
		{7CD5E0FF-212E-4013-BABF-DCE081CA8F23}.Release|Any CPU.ActiveCfg = Release|Any CPU
		{7CD5E0FF-212E-4013-BABF-DCE081CA8F23}.Release|Any CPU.Build.0 = Release|Any CPU
		{BA3E26DD-A5AB-4215-B116-B232C3D7405E}.Debug|Any CPU.ActiveCfg = Debug|Any CPU
		{BA3E26DD-A5AB-4215-B116-B232C3D7405E}.Debug|Any CPU.Build.0 = Debug|Any CPU
		{BA3E26DD-A5AB-4215-B116-B232C3D7405E}.Release|Any CPU.ActiveCfg = Release|Any CPU
		{BA3E26DD-A5AB-4215-B116-B232C3D7405E}.Release|Any CPU.Build.0 = Release|Any CPU
		{55EAAEAF-6369-41BC-8892-9C5340C3E2CD}.Debug|Any CPU.ActiveCfg = Debug|Any CPU
		{55EAAEAF-6369-41BC-8892-9C5340C3E2CD}.Debug|Any CPU.Build.0 = Debug|Any CPU
		{55EAAEAF-6369-41BC-8892-9C5340C3E2CD}.Release|Any CPU.ActiveCfg = Release|Any CPU
		{55EAAEAF-6369-41BC-8892-9C5340C3E2CD}.Release|Any CPU.Build.0 = Release|Any CPU
		{166DF4C9-CDC7-412A-A818-00F73EFDCF12}.Debug|Any CPU.ActiveCfg = Debug|Any CPU
		{166DF4C9-CDC7-412A-A818-00F73EFDCF12}.Debug|Any CPU.Build.0 = Debug|Any CPU
		{166DF4C9-CDC7-412A-A818-00F73EFDCF12}.Release|Any CPU.ActiveCfg = Release|Any CPU
		{166DF4C9-CDC7-412A-A818-00F73EFDCF12}.Release|Any CPU.Build.0 = Release|Any CPU
		{C43C1B77-9AB6-4683-A1BC-1AAA89E8FFA7}.Debug|Any CPU.ActiveCfg = Debug|Any CPU
		{C43C1B77-9AB6-4683-A1BC-1AAA89E8FFA7}.Debug|Any CPU.Build.0 = Debug|Any CPU
		{C43C1B77-9AB6-4683-A1BC-1AAA89E8FFA7}.Release|Any CPU.ActiveCfg = Release|Any CPU
		{C43C1B77-9AB6-4683-A1BC-1AAA89E8FFA7}.Release|Any CPU.Build.0 = Release|Any CPU
		{3A0E9845-A436-482A-8350-829A4F7460B1}.Debug|Any CPU.ActiveCfg = Debug|Any CPU
		{3A0E9845-A436-482A-8350-829A4F7460B1}.Debug|Any CPU.Build.0 = Debug|Any CPU
		{3A0E9845-A436-482A-8350-829A4F7460B1}.Release|Any CPU.ActiveCfg = Release|Any CPU
		{3A0E9845-A436-482A-8350-829A4F7460B1}.Release|Any CPU.Build.0 = Release|Any CPU
		{9BC38527-7322-48A1-8B0C-8BCF150F68C4}.Debug|Any CPU.ActiveCfg = Debug|Any CPU
		{9BC38527-7322-48A1-8B0C-8BCF150F68C4}.Debug|Any CPU.Build.0 = Debug|Any CPU
		{9BC38527-7322-48A1-8B0C-8BCF150F68C4}.Release|Any CPU.ActiveCfg = Release|Any CPU
		{9BC38527-7322-48A1-8B0C-8BCF150F68C4}.Release|Any CPU.Build.0 = Release|Any CPU
		{422CB3C1-7839-424B-996F-ABB09EA46504}.Debug|Any CPU.ActiveCfg = Debug|Any CPU
		{422CB3C1-7839-424B-996F-ABB09EA46504}.Debug|Any CPU.Build.0 = Debug|Any CPU
		{422CB3C1-7839-424B-996F-ABB09EA46504}.Release|Any CPU.ActiveCfg = Release|Any CPU
		{422CB3C1-7839-424B-996F-ABB09EA46504}.Release|Any CPU.Build.0 = Release|Any CPU
		{23F9EDCD-8206-4DA7-9682-1BA5FCBBB499}.Debug|Any CPU.ActiveCfg = Debug|Any CPU
		{23F9EDCD-8206-4DA7-9682-1BA5FCBBB499}.Debug|Any CPU.Build.0 = Debug|Any CPU
		{23F9EDCD-8206-4DA7-9682-1BA5FCBBB499}.Release|Any CPU.ActiveCfg = Release|Any CPU
		{23F9EDCD-8206-4DA7-9682-1BA5FCBBB499}.Release|Any CPU.Build.0 = Release|Any CPU
		{7F87B5ED-4F7F-4DE2-82C4-6F35CA418EB7}.Debug|Any CPU.ActiveCfg = Debug|Any CPU
		{7F87B5ED-4F7F-4DE2-82C4-6F35CA418EB7}.Debug|Any CPU.Build.0 = Debug|Any CPU
		{7F87B5ED-4F7F-4DE2-82C4-6F35CA418EB7}.Release|Any CPU.ActiveCfg = Release|Any CPU
		{7F87B5ED-4F7F-4DE2-82C4-6F35CA418EB7}.Release|Any CPU.Build.0 = Release|Any CPU
		{5A558BCA-2727-4581-87BA-DFEA0EA186BE}.Debug|Any CPU.ActiveCfg = Debug|Any CPU
		{5A558BCA-2727-4581-87BA-DFEA0EA186BE}.Debug|Any CPU.Build.0 = Debug|Any CPU
		{5A558BCA-2727-4581-87BA-DFEA0EA186BE}.Release|Any CPU.ActiveCfg = Release|Any CPU
		{5A558BCA-2727-4581-87BA-DFEA0EA186BE}.Release|Any CPU.Build.0 = Release|Any CPU
		{6C3D0B31-D5A5-4CC2-81CC-0C2B2F5C759A}.Debug|Any CPU.ActiveCfg = Debug|Any CPU
		{6C3D0B31-D5A5-4CC2-81CC-0C2B2F5C759A}.Debug|Any CPU.Build.0 = Debug|Any CPU
		{6C3D0B31-D5A5-4CC2-81CC-0C2B2F5C759A}.Release|Any CPU.ActiveCfg = Release|Any CPU
		{6C3D0B31-D5A5-4CC2-81CC-0C2B2F5C759A}.Release|Any CPU.Build.0 = Release|Any CPU
		{4450CA21-00AB-44B8-B460-35F442D044A8}.Debug|Any CPU.ActiveCfg = Debug|Any CPU
		{4450CA21-00AB-44B8-B460-35F442D044A8}.Debug|Any CPU.Build.0 = Debug|Any CPU
		{4450CA21-00AB-44B8-B460-35F442D044A8}.Release|Any CPU.ActiveCfg = Release|Any CPU
		{4450CA21-00AB-44B8-B460-35F442D044A8}.Release|Any CPU.Build.0 = Release|Any CPU
		{F422D769-C56F-4428-90ED-7DDB53E13452}.Debug|Any CPU.ActiveCfg = Debug|Any CPU
		{F422D769-C56F-4428-90ED-7DDB53E13452}.Debug|Any CPU.Build.0 = Debug|Any CPU
		{F422D769-C56F-4428-90ED-7DDB53E13452}.Release|Any CPU.ActiveCfg = Release|Any CPU
		{F422D769-C56F-4428-90ED-7DDB53E13452}.Release|Any CPU.Build.0 = Release|Any CPU
		{10C85F05-F8CC-4A29-A30B-346409B2747F}.Debug|Any CPU.ActiveCfg = Debug|Any CPU
		{10C85F05-F8CC-4A29-A30B-346409B2747F}.Debug|Any CPU.Build.0 = Debug|Any CPU
		{10C85F05-F8CC-4A29-A30B-346409B2747F}.Release|Any CPU.ActiveCfg = Release|Any CPU
		{10C85F05-F8CC-4A29-A30B-346409B2747F}.Release|Any CPU.Build.0 = Release|Any CPU
		{FB905C11-D982-4338-A21A-10B8FDDEB395}.Debug|Any CPU.ActiveCfg = Debug|Any CPU
		{FB905C11-D982-4338-A21A-10B8FDDEB395}.Debug|Any CPU.Build.0 = Debug|Any CPU
		{FB905C11-D982-4338-A21A-10B8FDDEB395}.Release|Any CPU.ActiveCfg = Release|Any CPU
		{FB905C11-D982-4338-A21A-10B8FDDEB395}.Release|Any CPU.Build.0 = Release|Any CPU
		{FBEB8C35-7A46-4ECC-8BF2-D5F3A07E10CA}.Debug|Any CPU.ActiveCfg = Debug|Any CPU
		{FBEB8C35-7A46-4ECC-8BF2-D5F3A07E10CA}.Debug|Any CPU.Build.0 = Debug|Any CPU
		{FBEB8C35-7A46-4ECC-8BF2-D5F3A07E10CA}.Release|Any CPU.ActiveCfg = Release|Any CPU
		{FBEB8C35-7A46-4ECC-8BF2-D5F3A07E10CA}.Release|Any CPU.Build.0 = Release|Any CPU
		{B1C2E04C-3590-415B-BC73-BD0257612578}.Debug|Any CPU.ActiveCfg = Debug|Any CPU
		{B1C2E04C-3590-415B-BC73-BD0257612578}.Debug|Any CPU.Build.0 = Debug|Any CPU
		{B1C2E04C-3590-415B-BC73-BD0257612578}.Release|Any CPU.ActiveCfg = Release|Any CPU
		{B1C2E04C-3590-415B-BC73-BD0257612578}.Release|Any CPU.Build.0 = Release|Any CPU
		{6916D784-76D1-436C-98E6-29D2E30901F2}.Debug|Any CPU.ActiveCfg = Debug|Any CPU
		{6916D784-76D1-436C-98E6-29D2E30901F2}.Debug|Any CPU.Build.0 = Debug|Any CPU
		{6916D784-76D1-436C-98E6-29D2E30901F2}.Release|Any CPU.ActiveCfg = Release|Any CPU
		{6916D784-76D1-436C-98E6-29D2E30901F2}.Release|Any CPU.Build.0 = Release|Any CPU
		{C674CC18-5CC4-4634-8262-006F51EB6926}.Debug|Any CPU.ActiveCfg = Debug|Any CPU
		{C674CC18-5CC4-4634-8262-006F51EB6926}.Debug|Any CPU.Build.0 = Debug|Any CPU
		{C674CC18-5CC4-4634-8262-006F51EB6926}.Release|Any CPU.ActiveCfg = Release|Any CPU
		{C674CC18-5CC4-4634-8262-006F51EB6926}.Release|Any CPU.Build.0 = Release|Any CPU
		{BE040D91-9528-4986-9DF8-0ECCA3C24FB5}.Debug|Any CPU.ActiveCfg = Debug|Any CPU
		{BE040D91-9528-4986-9DF8-0ECCA3C24FB5}.Debug|Any CPU.Build.0 = Debug|Any CPU
		{BE040D91-9528-4986-9DF8-0ECCA3C24FB5}.Release|Any CPU.ActiveCfg = Release|Any CPU
		{BE040D91-9528-4986-9DF8-0ECCA3C24FB5}.Release|Any CPU.Build.0 = Release|Any CPU
		{AD96E1DF-5CCA-4D97-891D-411769CEE351}.Debug|Any CPU.ActiveCfg = Debug|Any CPU
		{AD96E1DF-5CCA-4D97-891D-411769CEE351}.Debug|Any CPU.Build.0 = Debug|Any CPU
		{AD96E1DF-5CCA-4D97-891D-411769CEE351}.Release|Any CPU.ActiveCfg = Release|Any CPU
		{AD96E1DF-5CCA-4D97-891D-411769CEE351}.Release|Any CPU.Build.0 = Release|Any CPU
		{A20C5F26-4BB5-4FFF-8F46-38F6AB628A1D}.Debug|Any CPU.ActiveCfg = Debug|Any CPU
		{A20C5F26-4BB5-4FFF-8F46-38F6AB628A1D}.Debug|Any CPU.Build.0 = Debug|Any CPU
		{A20C5F26-4BB5-4FFF-8F46-38F6AB628A1D}.Release|Any CPU.ActiveCfg = Release|Any CPU
		{A20C5F26-4BB5-4FFF-8F46-38F6AB628A1D}.Release|Any CPU.Build.0 = Release|Any CPU
		{7EEB0F02-9A24-4041-9A92-A82DFC68FEC8}.Debug|Any CPU.ActiveCfg = Debug|Any CPU
		{7EEB0F02-9A24-4041-9A92-A82DFC68FEC8}.Debug|Any CPU.Build.0 = Debug|Any CPU
		{7EEB0F02-9A24-4041-9A92-A82DFC68FEC8}.Release|Any CPU.ActiveCfg = Release|Any CPU
		{7EEB0F02-9A24-4041-9A92-A82DFC68FEC8}.Release|Any CPU.Build.0 = Release|Any CPU
		{A5AC9F06-5D4A-40FE-B895-C77670C066FE}.Debug|Any CPU.ActiveCfg = Debug|Any CPU
		{A5AC9F06-5D4A-40FE-B895-C77670C066FE}.Debug|Any CPU.Build.0 = Debug|Any CPU
		{A5AC9F06-5D4A-40FE-B895-C77670C066FE}.Release|Any CPU.ActiveCfg = Release|Any CPU
		{A5AC9F06-5D4A-40FE-B895-C77670C066FE}.Release|Any CPU.Build.0 = Release|Any CPU
		{E1A4CA9B-FFC5-4301-BE0E-30ADEC5D2E3C}.Debug|Any CPU.ActiveCfg = Debug|Any CPU
		{E1A4CA9B-FFC5-4301-BE0E-30ADEC5D2E3C}.Debug|Any CPU.Build.0 = Debug|Any CPU
		{E1A4CA9B-FFC5-4301-BE0E-30ADEC5D2E3C}.Release|Any CPU.ActiveCfg = Release|Any CPU
		{E1A4CA9B-FFC5-4301-BE0E-30ADEC5D2E3C}.Release|Any CPU.Build.0 = Release|Any CPU
		{F39973AE-317B-42FE-BC04-12B67261979C}.Debug|Any CPU.ActiveCfg = Debug|Any CPU
		{F39973AE-317B-42FE-BC04-12B67261979C}.Debug|Any CPU.Build.0 = Debug|Any CPU
		{F39973AE-317B-42FE-BC04-12B67261979C}.Release|Any CPU.ActiveCfg = Release|Any CPU
		{F39973AE-317B-42FE-BC04-12B67261979C}.Release|Any CPU.Build.0 = Release|Any CPU
		{B3E70FEB-F415-4912-B581-2071FBE45C7D}.Debug|Any CPU.ActiveCfg = Debug|Any CPU
		{B3E70FEB-F415-4912-B581-2071FBE45C7D}.Debug|Any CPU.Build.0 = Debug|Any CPU
		{B3E70FEB-F415-4912-B581-2071FBE45C7D}.Release|Any CPU.ActiveCfg = Release|Any CPU
		{B3E70FEB-F415-4912-B581-2071FBE45C7D}.Release|Any CPU.Build.0 = Release|Any CPU
		{5899EF2C-F290-48C5-A576-835D879CD285}.Debug|Any CPU.ActiveCfg = Debug|Any CPU
		{5899EF2C-F290-48C5-A576-835D879CD285}.Debug|Any CPU.Build.0 = Debug|Any CPU
		{5899EF2C-F290-48C5-A576-835D879CD285}.Release|Any CPU.ActiveCfg = Release|Any CPU
		{5899EF2C-F290-48C5-A576-835D879CD285}.Release|Any CPU.Build.0 = Release|Any CPU
		{B6567337-8A52-4AC3-87C4-C0B09B3BC03B}.Debug|Any CPU.ActiveCfg = Debug|Any CPU
		{B6567337-8A52-4AC3-87C4-C0B09B3BC03B}.Debug|Any CPU.Build.0 = Debug|Any CPU
		{B6567337-8A52-4AC3-87C4-C0B09B3BC03B}.Release|Any CPU.ActiveCfg = Release|Any CPU
		{B6567337-8A52-4AC3-87C4-C0B09B3BC03B}.Release|Any CPU.Build.0 = Release|Any CPU
		{933FC582-D951-4ED4-9251-813A58DDCA21}.Debug|Any CPU.ActiveCfg = Debug|Any CPU
		{933FC582-D951-4ED4-9251-813A58DDCA21}.Debug|Any CPU.Build.0 = Debug|Any CPU
		{933FC582-D951-4ED4-9251-813A58DDCA21}.Release|Any CPU.ActiveCfg = Release|Any CPU
		{933FC582-D951-4ED4-9251-813A58DDCA21}.Release|Any CPU.Build.0 = Release|Any CPU
		{AF2E951C-4AE4-4417-9B35-A296A9928020}.Debug|Any CPU.ActiveCfg = Debug|Any CPU
		{AF2E951C-4AE4-4417-9B35-A296A9928020}.Debug|Any CPU.Build.0 = Debug|Any CPU
		{AF2E951C-4AE4-4417-9B35-A296A9928020}.Release|Any CPU.ActiveCfg = Release|Any CPU
		{AF2E951C-4AE4-4417-9B35-A296A9928020}.Release|Any CPU.Build.0 = Release|Any CPU
		{A6930281-84A9-42EB-A220-EA8C00445E57}.Debug|Any CPU.ActiveCfg = Debug|Any CPU
		{A6930281-84A9-42EB-A220-EA8C00445E57}.Debug|Any CPU.Build.0 = Debug|Any CPU
		{A6930281-84A9-42EB-A220-EA8C00445E57}.Release|Any CPU.ActiveCfg = Release|Any CPU
		{A6930281-84A9-42EB-A220-EA8C00445E57}.Release|Any CPU.Build.0 = Release|Any CPU
		{CB90F4B8-DFF4-4693-849A-967D54F15140}.Debug|Any CPU.ActiveCfg = Debug|Any CPU
		{CB90F4B8-DFF4-4693-849A-967D54F15140}.Debug|Any CPU.Build.0 = Debug|Any CPU
		{CB90F4B8-DFF4-4693-849A-967D54F15140}.Release|Any CPU.ActiveCfg = Release|Any CPU
		{CB90F4B8-DFF4-4693-849A-967D54F15140}.Release|Any CPU.Build.0 = Release|Any CPU
		{208F887C-62BF-4C5C-8C56-31E8A849947F}.Debug|Any CPU.ActiveCfg = Debug|Any CPU
		{208F887C-62BF-4C5C-8C56-31E8A849947F}.Debug|Any CPU.Build.0 = Debug|Any CPU
		{208F887C-62BF-4C5C-8C56-31E8A849947F}.Release|Any CPU.ActiveCfg = Release|Any CPU
		{208F887C-62BF-4C5C-8C56-31E8A849947F}.Release|Any CPU.Build.0 = Release|Any CPU
		{3DB20C82-AB8C-4C26-B2C6-52FD3515A32B}.Debug|Any CPU.ActiveCfg = Debug|Any CPU
		{3DB20C82-AB8C-4C26-B2C6-52FD3515A32B}.Debug|Any CPU.Build.0 = Debug|Any CPU
		{3DB20C82-AB8C-4C26-B2C6-52FD3515A32B}.Release|Any CPU.ActiveCfg = Release|Any CPU
		{3DB20C82-AB8C-4C26-B2C6-52FD3515A32B}.Release|Any CPU.Build.0 = Release|Any CPU
		{17B82A58-0B47-4E52-8DD6-ED920C89FDB8}.Debug|Any CPU.ActiveCfg = Debug|Any CPU
		{17B82A58-0B47-4E52-8DD6-ED920C89FDB8}.Debug|Any CPU.Build.0 = Debug|Any CPU
		{17B82A58-0B47-4E52-8DD6-ED920C89FDB8}.Release|Any CPU.ActiveCfg = Release|Any CPU
		{17B82A58-0B47-4E52-8DD6-ED920C89FDB8}.Release|Any CPU.Build.0 = Release|Any CPU
		{1CCF3A5B-F07E-493D-AAC7-063096C64131}.Debug|Any CPU.ActiveCfg = Debug|Any CPU
		{1CCF3A5B-F07E-493D-AAC7-063096C64131}.Debug|Any CPU.Build.0 = Debug|Any CPU
		{1CCF3A5B-F07E-493D-AAC7-063096C64131}.Release|Any CPU.ActiveCfg = Release|Any CPU
		{1CCF3A5B-F07E-493D-AAC7-063096C64131}.Release|Any CPU.Build.0 = Release|Any CPU
		{654E88A0-63CB-4AC0-BB02-5BABEC4DED39}.Debug|Any CPU.ActiveCfg = Debug|Any CPU
		{654E88A0-63CB-4AC0-BB02-5BABEC4DED39}.Debug|Any CPU.Build.0 = Debug|Any CPU
		{654E88A0-63CB-4AC0-BB02-5BABEC4DED39}.Release|Any CPU.ActiveCfg = Release|Any CPU
		{654E88A0-63CB-4AC0-BB02-5BABEC4DED39}.Release|Any CPU.Build.0 = Release|Any CPU
		{8D3F56BA-8845-4BD2-96D0-75EF2BA66F25}.Debug|Any CPU.ActiveCfg = Debug|Any CPU
		{8D3F56BA-8845-4BD2-96D0-75EF2BA66F25}.Debug|Any CPU.Build.0 = Debug|Any CPU
		{8D3F56BA-8845-4BD2-96D0-75EF2BA66F25}.Release|Any CPU.ActiveCfg = Release|Any CPU
		{8D3F56BA-8845-4BD2-96D0-75EF2BA66F25}.Release|Any CPU.Build.0 = Release|Any CPU
		{F1E96BC3-2C1B-45F6-8A89-B17C2D976773}.Debug|Any CPU.ActiveCfg = Debug|Any CPU
		{F1E96BC3-2C1B-45F6-8A89-B17C2D976773}.Debug|Any CPU.Build.0 = Debug|Any CPU
		{F1E96BC3-2C1B-45F6-8A89-B17C2D976773}.Release|Any CPU.ActiveCfg = Release|Any CPU
		{F1E96BC3-2C1B-45F6-8A89-B17C2D976773}.Release|Any CPU.Build.0 = Release|Any CPU
		{20F0DACB-BA75-46C2-9CAE-BDF4CF085A72}.Debug|Any CPU.ActiveCfg = Debug|Any CPU
		{20F0DACB-BA75-46C2-9CAE-BDF4CF085A72}.Debug|Any CPU.Build.0 = Debug|Any CPU
		{20F0DACB-BA75-46C2-9CAE-BDF4CF085A72}.Release|Any CPU.ActiveCfg = Release|Any CPU
		{20F0DACB-BA75-46C2-9CAE-BDF4CF085A72}.Release|Any CPU.Build.0 = Release|Any CPU
		{A90D110E-EFC6-4FEC-99D0-192C679C27B2}.Debug|Any CPU.ActiveCfg = Debug|Any CPU
		{A90D110E-EFC6-4FEC-99D0-192C679C27B2}.Debug|Any CPU.Build.0 = Debug|Any CPU
		{A90D110E-EFC6-4FEC-99D0-192C679C27B2}.Release|Any CPU.ActiveCfg = Release|Any CPU
		{A90D110E-EFC6-4FEC-99D0-192C679C27B2}.Release|Any CPU.Build.0 = Release|Any CPU
		{3F7D5808-1D10-4F32-AC72-B9F0AE6DE414}.Debug|Any CPU.ActiveCfg = Debug|Any CPU
		{3F7D5808-1D10-4F32-AC72-B9F0AE6DE414}.Debug|Any CPU.Build.0 = Debug|Any CPU
		{3F7D5808-1D10-4F32-AC72-B9F0AE6DE414}.Release|Any CPU.ActiveCfg = Release|Any CPU
		{3F7D5808-1D10-4F32-AC72-B9F0AE6DE414}.Release|Any CPU.Build.0 = Release|Any CPU
		{3B670B09-802F-4D6B-9040-DF6F854CC994}.Debug|Any CPU.ActiveCfg = Debug|Any CPU
		{3B670B09-802F-4D6B-9040-DF6F854CC994}.Debug|Any CPU.Build.0 = Debug|Any CPU
		{3B670B09-802F-4D6B-9040-DF6F854CC994}.Release|Any CPU.ActiveCfg = Release|Any CPU
		{3B670B09-802F-4D6B-9040-DF6F854CC994}.Release|Any CPU.Build.0 = Release|Any CPU
		{232AC549-80A7-4480-B540-C9DC805A3BA0}.Debug|Any CPU.ActiveCfg = Debug|Any CPU
		{232AC549-80A7-4480-B540-C9DC805A3BA0}.Debug|Any CPU.Build.0 = Debug|Any CPU
		{232AC549-80A7-4480-B540-C9DC805A3BA0}.Release|Any CPU.ActiveCfg = Release|Any CPU
		{232AC549-80A7-4480-B540-C9DC805A3BA0}.Release|Any CPU.Build.0 = Release|Any CPU
		{CF54EC04-C157-4D9E-9F24-47E9F6DDE38A}.Debug|Any CPU.ActiveCfg = Debug|Any CPU
		{CF54EC04-C157-4D9E-9F24-47E9F6DDE38A}.Debug|Any CPU.Build.0 = Debug|Any CPU
		{CF54EC04-C157-4D9E-9F24-47E9F6DDE38A}.Release|Any CPU.ActiveCfg = Release|Any CPU
		{CF54EC04-C157-4D9E-9F24-47E9F6DDE38A}.Release|Any CPU.Build.0 = Release|Any CPU
		{FF20A411-A8F7-483F-BC95-7388F3219C25}.Debug|Any CPU.ActiveCfg = Debug|Any CPU
		{FF20A411-A8F7-483F-BC95-7388F3219C25}.Debug|Any CPU.Build.0 = Debug|Any CPU
		{FF20A411-A8F7-483F-BC95-7388F3219C25}.Release|Any CPU.ActiveCfg = Release|Any CPU
		{FF20A411-A8F7-483F-BC95-7388F3219C25}.Release|Any CPU.Build.0 = Release|Any CPU
		{0202CB8E-7C94-4C08-9A56-A562ED5EAA15}.Debug|Any CPU.ActiveCfg = Debug|Any CPU
		{0202CB8E-7C94-4C08-9A56-A562ED5EAA15}.Debug|Any CPU.Build.0 = Debug|Any CPU
		{0202CB8E-7C94-4C08-9A56-A562ED5EAA15}.Release|Any CPU.ActiveCfg = Release|Any CPU
		{0202CB8E-7C94-4C08-9A56-A562ED5EAA15}.Release|Any CPU.Build.0 = Release|Any CPU
		{8C53EFD3-EBE1-4DF8-944B-309D89B47FED}.Debug|Any CPU.ActiveCfg = Debug|Any CPU
		{8C53EFD3-EBE1-4DF8-944B-309D89B47FED}.Debug|Any CPU.Build.0 = Debug|Any CPU
		{8C53EFD3-EBE1-4DF8-944B-309D89B47FED}.Release|Any CPU.ActiveCfg = Release|Any CPU
		{8C53EFD3-EBE1-4DF8-944B-309D89B47FED}.Release|Any CPU.Build.0 = Release|Any CPU
		{15F5DB11-BF62-4A21-AA8F-E98491273E5A}.Debug|Any CPU.ActiveCfg = Debug|Any CPU
		{15F5DB11-BF62-4A21-AA8F-E98491273E5A}.Debug|Any CPU.Build.0 = Debug|Any CPU
		{15F5DB11-BF62-4A21-AA8F-E98491273E5A}.Release|Any CPU.ActiveCfg = Release|Any CPU
		{15F5DB11-BF62-4A21-AA8F-E98491273E5A}.Release|Any CPU.Build.0 = Release|Any CPU
		{7846178B-3A14-498C-99CA-3BDD4E855148}.Debug|Any CPU.ActiveCfg = Debug|Any CPU
		{7846178B-3A14-498C-99CA-3BDD4E855148}.Debug|Any CPU.Build.0 = Debug|Any CPU
		{7846178B-3A14-498C-99CA-3BDD4E855148}.Release|Any CPU.ActiveCfg = Release|Any CPU
		{7846178B-3A14-498C-99CA-3BDD4E855148}.Release|Any CPU.Build.0 = Release|Any CPU
		{83B5C569-3AB0-4DED-AC23-2B87F78DA5AF}.Debug|Any CPU.ActiveCfg = Debug|Any CPU
		{83B5C569-3AB0-4DED-AC23-2B87F78DA5AF}.Debug|Any CPU.Build.0 = Debug|Any CPU
		{83B5C569-3AB0-4DED-AC23-2B87F78DA5AF}.Release|Any CPU.ActiveCfg = Release|Any CPU
		{83B5C569-3AB0-4DED-AC23-2B87F78DA5AF}.Release|Any CPU.Build.0 = Release|Any CPU
		{2F6365A4-BF63-4B15-8E35-B879E6688ED4}.Debug|Any CPU.ActiveCfg = Debug|Any CPU
		{2F6365A4-BF63-4B15-8E35-B879E6688ED4}.Debug|Any CPU.Build.0 = Debug|Any CPU
		{2F6365A4-BF63-4B15-8E35-B879E6688ED4}.Release|Any CPU.ActiveCfg = Release|Any CPU
		{2F6365A4-BF63-4B15-8E35-B879E6688ED4}.Release|Any CPU.Build.0 = Release|Any CPU
		{F9C58CCE-E3C4-4D6D-AB25-294893CDBA90}.Debug|Any CPU.ActiveCfg = Debug|Any CPU
		{F9C58CCE-E3C4-4D6D-AB25-294893CDBA90}.Debug|Any CPU.Build.0 = Debug|Any CPU
		{F9C58CCE-E3C4-4D6D-AB25-294893CDBA90}.Release|Any CPU.ActiveCfg = Release|Any CPU
		{F9C58CCE-E3C4-4D6D-AB25-294893CDBA90}.Release|Any CPU.Build.0 = Release|Any CPU
		{6D619891-7EB4-4D15-9F08-E9556CA416B8}.Debug|Any CPU.ActiveCfg = Debug|Any CPU
		{6D619891-7EB4-4D15-9F08-E9556CA416B8}.Debug|Any CPU.Build.0 = Debug|Any CPU
		{6D619891-7EB4-4D15-9F08-E9556CA416B8}.Release|Any CPU.ActiveCfg = Release|Any CPU
		{6D619891-7EB4-4D15-9F08-E9556CA416B8}.Release|Any CPU.Build.0 = Release|Any CPU
		{7F33544B-7466-463C-A78B-746C7DD7998A}.Debug|Any CPU.ActiveCfg = Debug|Any CPU
		{7F33544B-7466-463C-A78B-746C7DD7998A}.Debug|Any CPU.Build.0 = Debug|Any CPU
		{7F33544B-7466-463C-A78B-746C7DD7998A}.Release|Any CPU.ActiveCfg = Release|Any CPU
		{7F33544B-7466-463C-A78B-746C7DD7998A}.Release|Any CPU.Build.0 = Release|Any CPU
		{B464AB6D-B66B-4155-8511-B9B73FACD15A}.Debug|Any CPU.ActiveCfg = Debug|Any CPU
		{B464AB6D-B66B-4155-8511-B9B73FACD15A}.Debug|Any CPU.Build.0 = Debug|Any CPU
		{B464AB6D-B66B-4155-8511-B9B73FACD15A}.Release|Any CPU.ActiveCfg = Release|Any CPU
		{B464AB6D-B66B-4155-8511-B9B73FACD15A}.Release|Any CPU.Build.0 = Release|Any CPU
		{20DBBF6E-9271-4408-91A3-61CEBD598167}.Debug|Any CPU.ActiveCfg = Debug|Any CPU
		{20DBBF6E-9271-4408-91A3-61CEBD598167}.Debug|Any CPU.Build.0 = Debug|Any CPU
		{20DBBF6E-9271-4408-91A3-61CEBD598167}.Release|Any CPU.ActiveCfg = Release|Any CPU
		{20DBBF6E-9271-4408-91A3-61CEBD598167}.Release|Any CPU.Build.0 = Release|Any CPU
	EndGlobalSection
	GlobalSection(SolutionProperties) = preSolution
		HideSolutionNode = FALSE
	EndGlobalSection
	GlobalSection(NestedProjects) = preSolution
		{25415F47-4D2D-4B8F-ABE1-578AA8FC78E2} = {04AC70E6-DE35-4868-AC13-04F1B666FF0B}
		{2BE098BD-4AEE-4891-A212-7996CCB2C5E3} = {04AC70E6-DE35-4868-AC13-04F1B666FF0B}
		{DE39B28A-606C-405D-9F9C-C63E50612634} = {04AC70E6-DE35-4868-AC13-04F1B666FF0B}
		{82AD2A95-C4E4-4F8F-989C-C9CE1F660CAB} = {04AC70E6-DE35-4868-AC13-04F1B666FF0B}
		{908945D4-3FE5-4092-9427-441E20FAB6BD} = {04AC70E6-DE35-4868-AC13-04F1B666FF0B}
		{5AC707FE-9BEA-4E50-AAB0-CA3FF0A1C274} = {04AC70E6-DE35-4868-AC13-04F1B666FF0B}
		{EA0857E5-5E2A-4FC0-908E-1E77A65A1718} = {04AC70E6-DE35-4868-AC13-04F1B666FF0B}
		{81BBA872-1D0A-4402-A0C3-78FE304781CD} = {04AC70E6-DE35-4868-AC13-04F1B666FF0B}
		{1BFFBC0E-6733-4D2A-8132-2001ECEB9D78} = {04AC70E6-DE35-4868-AC13-04F1B666FF0B}
		{38DCCE41-658A-452C-A03A-A4A138DD5F40} = {04AC70E6-DE35-4868-AC13-04F1B666FF0B}
		{2B15AB54-7690-4357-9201-B987BBE520DC} = {04AC70E6-DE35-4868-AC13-04F1B666FF0B}
		{76446E34-3518-49AA-91AD-4F4D3CF3A203} = {04AC70E6-DE35-4868-AC13-04F1B666FF0B}
		{7C64304F-5F10-4CBF-B920-D09A8D41DC59} = {09F3AAED-AD2B-40EB-AF92-C52AEB6131CB}
		{26DA8898-F02E-4401-8A68-1B76473CC1B4} = {09F3AAED-AD2B-40EB-AF92-C52AEB6131CB}
		{1D04DF0B-FD3D-4D3E-8907-031EFA6242E7} = {09F3AAED-AD2B-40EB-AF92-C52AEB6131CB}
		{777D8FF4-0E03-4488-870B-9C01F6915282} = {09F3AAED-AD2B-40EB-AF92-C52AEB6131CB}
		{9717D140-5F31-4B68-AC5F-0B05098EB185} = {09F3AAED-AD2B-40EB-AF92-C52AEB6131CB}
		{C308D337-41AD-47E2-9A58-B8CBD0A345AC} = {09F3AAED-AD2B-40EB-AF92-C52AEB6131CB}
		{7CE6719F-2ACB-4FA5-91CD-CF76791671AB} = {09F3AAED-AD2B-40EB-AF92-C52AEB6131CB}
		{8C73AB79-1E92-4F4A-BEE0-137287F998D6} = {09F3AAED-AD2B-40EB-AF92-C52AEB6131CB}
		{1C1A4E1B-234E-4251-9FEC-9E5D52FE1A8D} = {09F3AAED-AD2B-40EB-AF92-C52AEB6131CB}
		{AA90DE0C-B1CF-4530-A549-EF04AD632B8B} = {FCCB927A-B698-4EA1-8358-2B3FFBDC9587}
		{86AD2C25-F8E9-4B1B-BB77-3D920724AF20} = {FCCB927A-B698-4EA1-8358-2B3FFBDC9587}
		{7353631F-06D5-4353-A6D2-4C790AA88F96} = {FCCB927A-B698-4EA1-8358-2B3FFBDC9587}
		{5C695CB9-23EF-4C78-AC70-08AEBFED6910} = {FCCB927A-B698-4EA1-8358-2B3FFBDC9587}
		{93E55113-52C5-462C-BB4C-A5CE4FFC5823} = {444A339A-D801-451E-868A-C6F8F4FB4F2D}
		{0CD5110C-5392-4B5E-A612-EC4496CA3787} = {444A339A-D801-451E-868A-C6F8F4FB4F2D}
		{A9A34974-C74D-4495-9AE4-1FDF6E62D999} = {444A339A-D801-451E-868A-C6F8F4FB4F2D}
		{D16EF7DC-F94B-4479-9CE2-E09935DEB6B2} = {444A339A-D801-451E-868A-C6F8F4FB4F2D}
		{42B61F52-E5B2-4334-BA14-632DD73E04A5} = {444A339A-D801-451E-868A-C6F8F4FB4F2D}
		{7B4909B9-EAEF-4879-85E2-9F418A3909F0} = {444A339A-D801-451E-868A-C6F8F4FB4F2D}
		{4EEF1A96-4DFA-43C4-B6CD-AC862C8AB902} = {444A339A-D801-451E-868A-C6F8F4FB4F2D}
		{7CD5E0FF-212E-4013-BABF-DCE081CA8F23} = {444A339A-D801-451E-868A-C6F8F4FB4F2D}
		{BA3E26DD-A5AB-4215-B116-B232C3D7405E} = {444A339A-D801-451E-868A-C6F8F4FB4F2D}
		{55EAAEAF-6369-41BC-8892-9C5340C3E2CD} = {444A339A-D801-451E-868A-C6F8F4FB4F2D}
		{166DF4C9-CDC7-412A-A818-00F73EFDCF12} = {444A339A-D801-451E-868A-C6F8F4FB4F2D}
		{C43C1B77-9AB6-4683-A1BC-1AAA89E8FFA7} = {90FB9854-F07D-4F69-9DBF-5FB5DF735731}
		{3A0E9845-A436-482A-8350-829A4F7460B1} = {90FB9854-F07D-4F69-9DBF-5FB5DF735731}
		{9BC38527-7322-48A1-8B0C-8BCF150F68C4} = {90FB9854-F07D-4F69-9DBF-5FB5DF735731}
		{422CB3C1-7839-424B-996F-ABB09EA46504} = {90FB9854-F07D-4F69-9DBF-5FB5DF735731}
		{23F9EDCD-8206-4DA7-9682-1BA5FCBBB499} = {90FB9854-F07D-4F69-9DBF-5FB5DF735731}
		{7F87B5ED-4F7F-4DE2-82C4-6F35CA418EB7} = {90FB9854-F07D-4F69-9DBF-5FB5DF735731}
		{5A558BCA-2727-4581-87BA-DFEA0EA186BE} = {90FB9854-F07D-4F69-9DBF-5FB5DF735731}
		{6C3D0B31-D5A5-4CC2-81CC-0C2B2F5C759A} = {90FB9854-F07D-4F69-9DBF-5FB5DF735731}
		{4450CA21-00AB-44B8-B460-35F442D044A8} = {90FB9854-F07D-4F69-9DBF-5FB5DF735731}
		{F422D769-C56F-4428-90ED-7DDB53E13452} = {7C0959BA-4F62-40F9-9F0A-C6E889F8C54E}
		{10C85F05-F8CC-4A29-A30B-346409B2747F} = {7C0959BA-4F62-40F9-9F0A-C6E889F8C54E}
		{FB905C11-D982-4338-A21A-10B8FDDEB395} = {7C0959BA-4F62-40F9-9F0A-C6E889F8C54E}
		{FBEB8C35-7A46-4ECC-8BF2-D5F3A07E10CA} = {7C0959BA-4F62-40F9-9F0A-C6E889F8C54E}
		{B1C2E04C-3590-415B-BC73-BD0257612578} = {FCCB927A-B698-4EA1-8358-2B3FFBDC9587}
		{6916D784-76D1-436C-98E6-29D2E30901F2} = {FCCB927A-B698-4EA1-8358-2B3FFBDC9587}
		{C674CC18-5CC4-4634-8262-006F51EB6926} = {FCCB927A-B698-4EA1-8358-2B3FFBDC9587}
		{BE040D91-9528-4986-9DF8-0ECCA3C24FB5} = {FCCB927A-B698-4EA1-8358-2B3FFBDC9587}
		{AD96E1DF-5CCA-4D97-891D-411769CEE351} = {FCCB927A-B698-4EA1-8358-2B3FFBDC9587}
		{A20C5F26-4BB5-4FFF-8F46-38F6AB628A1D} = {FCCB927A-B698-4EA1-8358-2B3FFBDC9587}
		{7EEB0F02-9A24-4041-9A92-A82DFC68FEC8} = {7C0959BA-4F62-40F9-9F0A-C6E889F8C54E}
		{A5AC9F06-5D4A-40FE-B895-C77670C066FE} = {7C0959BA-4F62-40F9-9F0A-C6E889F8C54E}
		{E1A4CA9B-FFC5-4301-BE0E-30ADEC5D2E3C} = {7C0959BA-4F62-40F9-9F0A-C6E889F8C54E}
		{F39973AE-317B-42FE-BC04-12B67261979C} = {7C0959BA-4F62-40F9-9F0A-C6E889F8C54E}
		{B3E70FEB-F415-4912-B581-2071FBE45C7D} = {7C0959BA-4F62-40F9-9F0A-C6E889F8C54E}
		{5899EF2C-F290-48C5-A576-835D879CD285} = {7C0959BA-4F62-40F9-9F0A-C6E889F8C54E}
		{B6567337-8A52-4AC3-87C4-C0B09B3BC03B} = {641AF2B9-9879-4CF9-AE34-644FE7B899F3}
		{933FC582-D951-4ED4-9251-813A58DDCA21} = {641AF2B9-9879-4CF9-AE34-644FE7B899F3}
		{AF2E951C-4AE4-4417-9B35-A296A9928020} = {641AF2B9-9879-4CF9-AE34-644FE7B899F3}
		{A6930281-84A9-42EB-A220-EA8C00445E57} = {641AF2B9-9879-4CF9-AE34-644FE7B899F3}
		{CB90F4B8-DFF4-4693-849A-967D54F15140} = {641AF2B9-9879-4CF9-AE34-644FE7B899F3}
		{208F887C-62BF-4C5C-8C56-31E8A849947F} = {641AF2B9-9879-4CF9-AE34-644FE7B899F3}
		{3DB20C82-AB8C-4C26-B2C6-52FD3515A32B} = {641AF2B9-9879-4CF9-AE34-644FE7B899F3}
		{17B82A58-0B47-4E52-8DD6-ED920C89FDB8} = {42DBC661-1FE2-422E-BB53-5A4DEB6735F9}
		{1CCF3A5B-F07E-493D-AAC7-063096C64131} = {42DBC661-1FE2-422E-BB53-5A4DEB6735F9}
		{654E88A0-63CB-4AC0-BB02-5BABEC4DED39} = {42DBC661-1FE2-422E-BB53-5A4DEB6735F9}
		{8D3F56BA-8845-4BD2-96D0-75EF2BA66F25} = {42DBC661-1FE2-422E-BB53-5A4DEB6735F9}
		{F1E96BC3-2C1B-45F6-8A89-B17C2D976773} = {42DBC661-1FE2-422E-BB53-5A4DEB6735F9}
		{20F0DACB-BA75-46C2-9CAE-BDF4CF085A72} = {42DBC661-1FE2-422E-BB53-5A4DEB6735F9}
		{A90D110E-EFC6-4FEC-99D0-192C679C27B2} = {6B625248-32AE-409C-9661-CEECB7FC4929}
		{3F7D5808-1D10-4F32-AC72-B9F0AE6DE414} = {6B625248-32AE-409C-9661-CEECB7FC4929}
		{3B670B09-802F-4D6B-9040-DF6F854CC994} = {6B625248-32AE-409C-9661-CEECB7FC4929}
		{232AC549-80A7-4480-B540-C9DC805A3BA0} = {6B625248-32AE-409C-9661-CEECB7FC4929}
		{CF54EC04-C157-4D9E-9F24-47E9F6DDE38A} = {6B625248-32AE-409C-9661-CEECB7FC4929}
		{FF20A411-A8F7-483F-BC95-7388F3219C25} = {6B625248-32AE-409C-9661-CEECB7FC4929}
		{0202CB8E-7C94-4C08-9A56-A562ED5EAA15} = {6B625248-32AE-409C-9661-CEECB7FC4929}
		{8C53EFD3-EBE1-4DF8-944B-309D89B47FED} = {6B625248-32AE-409C-9661-CEECB7FC4929}
		{15F5DB11-BF62-4A21-AA8F-E98491273E5A} = {44194E2E-1437-4124-AA2E-8B983B9FDA14}
		{7846178B-3A14-498C-99CA-3BDD4E855148} = {44194E2E-1437-4124-AA2E-8B983B9FDA14}
		{83B5C569-3AB0-4DED-AC23-2B87F78DA5AF} = {44194E2E-1437-4124-AA2E-8B983B9FDA14}
		{2F6365A4-BF63-4B15-8E35-B879E6688ED4} = {44194E2E-1437-4124-AA2E-8B983B9FDA14}
		{F9C58CCE-E3C4-4D6D-AB25-294893CDBA90} = {44194E2E-1437-4124-AA2E-8B983B9FDA14}
		{6D619891-7EB4-4D15-9F08-E9556CA416B8} = {44194E2E-1437-4124-AA2E-8B983B9FDA14}
		{7F33544B-7466-463C-A78B-746C7DD7998A} = {EAC15223-0148-44AC-9B2F-424517F09AEA}
		{B464AB6D-B66B-4155-8511-B9B73FACD15A} = {44194E2E-1437-4124-AA2E-8B983B9FDA14}
		{20DBBF6E-9271-4408-91A3-61CEBD598167} = {44194E2E-1437-4124-AA2E-8B983B9FDA14}
	EndGlobalSection
	GlobalSection(ExtensibilityGlobals) = postSolution
		SolutionGuid = {3EB88972-AA20-4BC9-A4BA-9686947244D3}
	EndGlobalSection
EndGlobal
