
Microsoft Visual Studio Solution File, Format Version 12.00
# Visual Studio Version 17
VisualStudioVersion = 17.7.34031.279
MinimumVisualStudioVersion = 10.0.40219.1
Project("{2150E333-8FDC-42A3-9474-1A3956D46DE8}") = "09.SimpleConditionalStatements", "09.SimpleConditionalStatements", "{04AC70E6-DE35-4868-AC13-04F1B666FF0B}"
EndProject
Project("{2150E333-8FDC-42A3-9474-1A3956D46DE8}") = "10.ComplexConditionalStatements", "10.ComplexConditionalStatements", "{09F3AAED-AD2B-40EB-AF92-C52AEB6131CB}"
EndProject
Project("{2150E333-8FDC-42A3-9474-1A3956D46DE8}") = "11.ExerciseSimpleAndComplexConditionalStatements", "11.ExerciseSimpleAndComplexConditionalStatements", "{FCCB927A-B698-4EA1-8358-2B3FFBDC9587}"
EndProject
Project("{9A19103F-16F7-4668-BE54-9A1E7A4F7556}") = "09.01.FreezingWeather", "09.01.FreezingWeather\09.01.FreezingWeather.csproj", "{25415F47-4D2D-4B8F-ABE1-578AA8FC78E2}"
EndProject
Project("{9A19103F-16F7-4668-BE54-9A1E7A4F7556}") = "09.02.EvenOrOdd", "09.02.EvenOrOdd\09.02.EvenOrOdd.csproj", "{2BE098BD-4AEE-4891-A212-7996CCB2C5E3}"
EndProject
Project("{9A19103F-16F7-4668-BE54-9A1E7A4F7556}") = "09.03.Number1…9AsWords", "09.03.Number1…9AsWords\09.03.Number1…9AsWords.csproj", "{DE39B28A-606C-405D-9F9C-C63E50612634}"
EndProject
Project("{9A19103F-16F7-4668-BE54-9A1E7A4F7556}") = "09.04.GreaterNumber", "09.04.GreaterNumber\09.04.GreaterNumber.csproj", "{82AD2A95-C4E4-4F8F-989C-C9CE1F660CAB}"
EndProject
Project("{9A19103F-16F7-4668-BE54-9A1E7A4F7556}") = "09.05.GuessThePassword", "09.05.GuessThePassword\09.05.GuessThePassword.csproj", "{908945D4-3FE5-4092-9427-441E20FAB6BD}"
EndProject
Project("{9A19103F-16F7-4668-BE54-9A1E7A4F7556}") = "09.06.BoilingWater", "09.06.BoilingWater\09.06.BoilingWater.csproj", "{5AC707FE-9BEA-4E50-AAB0-CA3FF0A1C274}"
EndProject
Project("{9A19103F-16F7-4668-BE54-9A1E7A4F7556}") = "09.07.SpeedInfo", "09.07.SpeedInfo\09.07.SpeedInfo.csproj", "{EA0857E5-5E2A-4FC0-908E-1E77A65A1718}"
EndProject
Project("{9A19103F-16F7-4668-BE54-9A1E7A4F7556}") = "09.08.TicketPrice", "09.08.TicketPrice\09.08.TicketPrice.csproj", "{81BBA872-1D0A-4402-A0C3-78FE304781CD}"
EndProject
Project("{9A19103F-16F7-4668-BE54-9A1E7A4F7556}") = "09.09.AreaOfFigures", "09.09.AreaOfFigures\09.09.AreaOfFigures.csproj", "{1BFFBC0E-6733-4D2A-8132-2001ECEB9D78}"
EndProject
Project("{9A19103F-16F7-4668-BE54-9A1E7A4F7556}") = "09.10.ValidTriangle", "09.10.ValidTriangle\09.10.ValidTriangle.csproj", "{38DCCE41-658A-452C-A03A-A4A138DD5F40}"
EndProject
Project("{9A19103F-16F7-4668-BE54-9A1E7A4F7556}") = "09.11.CoffeeShop", "09.11.CoffeeShop\09.11.CoffeeShop.csproj", "{2B15AB54-7690-4357-9201-B987BBE520DC}"
EndProject
Project("{9A19103F-16F7-4668-BE54-9A1E7A4F7556}") = "09.12.CoffeeShopWithChecks", "09.12.CoffeeShopWithChecks\09.12.CoffeeShopWithChecks.csproj", "{76446E34-3518-49AA-91AD-4F4D3CF3A203}"
EndProject
Project("{9A19103F-16F7-4668-BE54-9A1E7A4F7556}") = "10.01.Marketplace", "10.01.Marketplace\10.01.Marketplace.csproj", "{7C64304F-5F10-4CBF-B920-D09A8D41DC59}"
EndProject
Project("{9A19103F-16F7-4668-BE54-9A1E7A4F7556}") = "10.02.LargestNumberOutOfThree", "10.02.LargestNumberOutOfThree\10.02.LargestNumberOutOfThree.csproj", "{26DA8898-F02E-4401-8A68-1B76473CC1B4}"
EndProject
Project("{9A19103F-16F7-4668-BE54-9A1E7A4F7556}") = "10.03.BonusScore", "10.03.BonusScore\10.03.BonusScore.csproj", "{1D04DF0B-FD3D-4D3E-8907-031EFA6242E7}"
EndProject
Project("{9A19103F-16F7-4668-BE54-9A1E7A4F7556}") = "10.04.FoodOrDrink", "10.04.FoodOrDrink\10.04.FoodOrDrink.csproj", "{777D8FF4-0E03-4488-870B-9C01F6915282}"
EndProject
Project("{9A19103F-16F7-4668-BE54-9A1E7A4F7556}") = "10.05.FruitOrVegetable", "10.05.FruitOrVegetable\10.05.FruitOrVegetable.csproj", "{9717D140-5F31-4B68-AC5F-0B05098EB185}"
EndProject
Project("{9A19103F-16F7-4668-BE54-9A1E7A4F7556}") = "10.06.DayOfWeek", "10.06.DayOfWeek\10.06.DayOfWeek.csproj", "{C308D337-41AD-47E2-9A58-B8CBD0A345AC}"
EndProject
Project("{9A19103F-16F7-4668-BE54-9A1E7A4F7556}") = "10.07.VowelOrConsonant", "10.07.VowelOrConsonant\10.07.VowelOrConsonant.csproj", "{7CE6719F-2ACB-4FA5-91CD-CF76791671AB}"
EndProject
Project("{9A19103F-16F7-4668-BE54-9A1E7A4F7556}") = "10.08.SortedNumbers", "10.08.SortedNumbers\10.08.SortedNumbers.csproj", "{8C73AB79-1E92-4F4A-BEE0-137287F998D6}"
EndProject
Project("{9A19103F-16F7-4668-BE54-9A1E7A4F7556}") = "10.09.Cinema", "10.09.Cinema\10.09.Cinema.csproj", "{1C1A4E1B-234E-4251-9FEC-9E5D52FE1A8D}"
EndProject
Project("{FAE04EC0-301F-11D3-BF4B-00C04F79EFBC}") = "11.01.NumberType", "11.01.NumberType\11.01.NumberType.csproj", "{AA90DE0C-B1CF-4530-A549-EF04AD632B8B}"
EndProject
Project("{FAE04EC0-301F-11D3-BF4B-00C04F79EFBC}") = "11.02.ATM", "11.02.ATM\11.02.ATM.csproj", "{86AD2C25-F8E9-4B1B-BB77-3D920724AF20}"
EndProject
Project("{FAE04EC0-301F-11D3-BF4B-00C04F79EFBC}") = "11.03.BiggestOfFiveNumbers", "11.03.BiggestOfFiveNumbers\11.03.BiggestOfFiveNumbers.csproj", "{7353631F-06D5-4353-A6D2-4C790AA88F96}"
EndProject
Project("{FAE04EC0-301F-11D3-BF4B-00C04F79EFBC}") = "11.04.NumberOperations", "11.04.NumberOperations\11.04.NumberOperations.csproj", "{5C695CB9-23EF-4C78-AC70-08AEBFED6910}"
EndProject
Global
	GlobalSection(SolutionConfigurationPlatforms) = preSolution
		Debug|Any CPU = Debug|Any CPU
		Release|Any CPU = Release|Any CPU
	EndGlobalSection
	GlobalSection(ProjectConfigurationPlatforms) = postSolution
		{25415F47-4D2D-4B8F-ABE1-578AA8FC78E2}.Debug|Any CPU.ActiveCfg = Debug|Any CPU
		{25415F47-4D2D-4B8F-ABE1-578AA8FC78E2}.Debug|Any CPU.Build.0 = Debug|Any CPU
		{25415F47-4D2D-4B8F-ABE1-578AA8FC78E2}.Release|Any CPU.ActiveCfg = Release|Any CPU
		{25415F47-4D2D-4B8F-ABE1-578AA8FC78E2}.Release|Any CPU.Build.0 = Release|Any CPU
		{2BE098BD-4AEE-4891-A212-7996CCB2C5E3}.Debug|Any CPU.ActiveCfg = Debug|Any CPU
		{2BE098BD-4AEE-4891-A212-7996CCB2C5E3}.Debug|Any CPU.Build.0 = Debug|Any CPU
		{2BE098BD-4AEE-4891-A212-7996CCB2C5E3}.Release|Any CPU.ActiveCfg = Release|Any CPU
		{2BE098BD-4AEE-4891-A212-7996CCB2C5E3}.Release|Any CPU.Build.0 = Release|Any CPU
		{DE39B28A-606C-405D-9F9C-C63E50612634}.Debug|Any CPU.ActiveCfg = Debug|Any CPU
		{DE39B28A-606C-405D-9F9C-C63E50612634}.Debug|Any CPU.Build.0 = Debug|Any CPU
		{DE39B28A-606C-405D-9F9C-C63E50612634}.Release|Any CPU.ActiveCfg = Release|Any CPU
		{DE39B28A-606C-405D-9F9C-C63E50612634}.Release|Any CPU.Build.0 = Release|Any CPU
		{82AD2A95-C4E4-4F8F-989C-C9CE1F660CAB}.Debug|Any CPU.ActiveCfg = Debug|Any CPU
		{82AD2A95-C4E4-4F8F-989C-C9CE1F660CAB}.Debug|Any CPU.Build.0 = Debug|Any CPU
		{82AD2A95-C4E4-4F8F-989C-C9CE1F660CAB}.Release|Any CPU.ActiveCfg = Release|Any CPU
		{82AD2A95-C4E4-4F8F-989C-C9CE1F660CAB}.Release|Any CPU.Build.0 = Release|Any CPU
		{908945D4-3FE5-4092-9427-441E20FAB6BD}.Debug|Any CPU.ActiveCfg = Debug|Any CPU
		{908945D4-3FE5-4092-9427-441E20FAB6BD}.Debug|Any CPU.Build.0 = Debug|Any CPU
		{908945D4-3FE5-4092-9427-441E20FAB6BD}.Release|Any CPU.ActiveCfg = Release|Any CPU
		{908945D4-3FE5-4092-9427-441E20FAB6BD}.Release|Any CPU.Build.0 = Release|Any CPU
		{5AC707FE-9BEA-4E50-AAB0-CA3FF0A1C274}.Debug|Any CPU.ActiveCfg = Debug|Any CPU
		{5AC707FE-9BEA-4E50-AAB0-CA3FF0A1C274}.Debug|Any CPU.Build.0 = Debug|Any CPU
		{5AC707FE-9BEA-4E50-AAB0-CA3FF0A1C274}.Release|Any CPU.ActiveCfg = Release|Any CPU
		{5AC707FE-9BEA-4E50-AAB0-CA3FF0A1C274}.Release|Any CPU.Build.0 = Release|Any CPU
		{EA0857E5-5E2A-4FC0-908E-1E77A65A1718}.Debug|Any CPU.ActiveCfg = Debug|Any CPU
		{EA0857E5-5E2A-4FC0-908E-1E77A65A1718}.Debug|Any CPU.Build.0 = Debug|Any CPU
		{EA0857E5-5E2A-4FC0-908E-1E77A65A1718}.Release|Any CPU.ActiveCfg = Release|Any CPU
		{EA0857E5-5E2A-4FC0-908E-1E77A65A1718}.Release|Any CPU.Build.0 = Release|Any CPU
		{81BBA872-1D0A-4402-A0C3-78FE304781CD}.Debug|Any CPU.ActiveCfg = Debug|Any CPU
		{81BBA872-1D0A-4402-A0C3-78FE304781CD}.Debug|Any CPU.Build.0 = Debug|Any CPU
		{81BBA872-1D0A-4402-A0C3-78FE304781CD}.Release|Any CPU.ActiveCfg = Release|Any CPU
		{81BBA872-1D0A-4402-A0C3-78FE304781CD}.Release|Any CPU.Build.0 = Release|Any CPU
		{1BFFBC0E-6733-4D2A-8132-2001ECEB9D78}.Debug|Any CPU.ActiveCfg = Debug|Any CPU
		{1BFFBC0E-6733-4D2A-8132-2001ECEB9D78}.Debug|Any CPU.Build.0 = Debug|Any CPU
		{1BFFBC0E-6733-4D2A-8132-2001ECEB9D78}.Release|Any CPU.ActiveCfg = Release|Any CPU
		{1BFFBC0E-6733-4D2A-8132-2001ECEB9D78}.Release|Any CPU.Build.0 = Release|Any CPU
		{38DCCE41-658A-452C-A03A-A4A138DD5F40}.Debug|Any CPU.ActiveCfg = Debug|Any CPU
		{38DCCE41-658A-452C-A03A-A4A138DD5F40}.Debug|Any CPU.Build.0 = Debug|Any CPU
		{38DCCE41-658A-452C-A03A-A4A138DD5F40}.Release|Any CPU.ActiveCfg = Release|Any CPU
		{38DCCE41-658A-452C-A03A-A4A138DD5F40}.Release|Any CPU.Build.0 = Release|Any CPU
		{2B15AB54-7690-4357-9201-B987BBE520DC}.Debug|Any CPU.ActiveCfg = Debug|Any CPU
		{2B15AB54-7690-4357-9201-B987BBE520DC}.Debug|Any CPU.Build.0 = Debug|Any CPU
		{2B15AB54-7690-4357-9201-B987BBE520DC}.Release|Any CPU.ActiveCfg = Release|Any CPU
		{2B15AB54-7690-4357-9201-B987BBE520DC}.Release|Any CPU.Build.0 = Release|Any CPU
		{76446E34-3518-49AA-91AD-4F4D3CF3A203}.Debug|Any CPU.ActiveCfg = Debug|Any CPU
		{76446E34-3518-49AA-91AD-4F4D3CF3A203}.Debug|Any CPU.Build.0 = Debug|Any CPU
		{76446E34-3518-49AA-91AD-4F4D3CF3A203}.Release|Any CPU.ActiveCfg = Release|Any CPU
		{76446E34-3518-49AA-91AD-4F4D3CF3A203}.Release|Any CPU.Build.0 = Release|Any CPU
		{7C64304F-5F10-4CBF-B920-D09A8D41DC59}.Debug|Any CPU.ActiveCfg = Debug|Any CPU
		{7C64304F-5F10-4CBF-B920-D09A8D41DC59}.Debug|Any CPU.Build.0 = Debug|Any CPU
		{7C64304F-5F10-4CBF-B920-D09A8D41DC59}.Release|Any CPU.ActiveCfg = Release|Any CPU
		{7C64304F-5F10-4CBF-B920-D09A8D41DC59}.Release|Any CPU.Build.0 = Release|Any CPU
		{26DA8898-F02E-4401-8A68-1B76473CC1B4}.Debug|Any CPU.ActiveCfg = Debug|Any CPU
		{26DA8898-F02E-4401-8A68-1B76473CC1B4}.Debug|Any CPU.Build.0 = Debug|Any CPU
		{26DA8898-F02E-4401-8A68-1B76473CC1B4}.Release|Any CPU.ActiveCfg = Release|Any CPU
		{26DA8898-F02E-4401-8A68-1B76473CC1B4}.Release|Any CPU.Build.0 = Release|Any CPU
		{1D04DF0B-FD3D-4D3E-8907-031EFA6242E7}.Debug|Any CPU.ActiveCfg = Debug|Any CPU
		{1D04DF0B-FD3D-4D3E-8907-031EFA6242E7}.Debug|Any CPU.Build.0 = Debug|Any CPU
		{1D04DF0B-FD3D-4D3E-8907-031EFA6242E7}.Release|Any CPU.ActiveCfg = Release|Any CPU
		{1D04DF0B-FD3D-4D3E-8907-031EFA6242E7}.Release|Any CPU.Build.0 = Release|Any CPU
		{777D8FF4-0E03-4488-870B-9C01F6915282}.Debug|Any CPU.ActiveCfg = Debug|Any CPU
		{777D8FF4-0E03-4488-870B-9C01F6915282}.Debug|Any CPU.Build.0 = Debug|Any CPU
		{777D8FF4-0E03-4488-870B-9C01F6915282}.Release|Any CPU.ActiveCfg = Release|Any CPU
		{777D8FF4-0E03-4488-870B-9C01F6915282}.Release|Any CPU.Build.0 = Release|Any CPU
		{9717D140-5F31-4B68-AC5F-0B05098EB185}.Debug|Any CPU.ActiveCfg = Debug|Any CPU
		{9717D140-5F31-4B68-AC5F-0B05098EB185}.Debug|Any CPU.Build.0 = Debug|Any CPU
		{9717D140-5F31-4B68-AC5F-0B05098EB185}.Release|Any CPU.ActiveCfg = Release|Any CPU
		{9717D140-5F31-4B68-AC5F-0B05098EB185}.Release|Any CPU.Build.0 = Release|Any CPU
		{C308D337-41AD-47E2-9A58-B8CBD0A345AC}.Debug|Any CPU.ActiveCfg = Debug|Any CPU
		{C308D337-41AD-47E2-9A58-B8CBD0A345AC}.Debug|Any CPU.Build.0 = Debug|Any CPU
		{C308D337-41AD-47E2-9A58-B8CBD0A345AC}.Release|Any CPU.ActiveCfg = Release|Any CPU
		{C308D337-41AD-47E2-9A58-B8CBD0A345AC}.Release|Any CPU.Build.0 = Release|Any CPU
		{7CE6719F-2ACB-4FA5-91CD-CF76791671AB}.Debug|Any CPU.ActiveCfg = Debug|Any CPU
		{7CE6719F-2ACB-4FA5-91CD-CF76791671AB}.Debug|Any CPU.Build.0 = Debug|Any CPU
		{7CE6719F-2ACB-4FA5-91CD-CF76791671AB}.Release|Any CPU.ActiveCfg = Release|Any CPU
		{7CE6719F-2ACB-4FA5-91CD-CF76791671AB}.Release|Any CPU.Build.0 = Release|Any CPU
		{8C73AB79-1E92-4F4A-BEE0-137287F998D6}.Debug|Any CPU.ActiveCfg = Debug|Any CPU
		{8C73AB79-1E92-4F4A-BEE0-137287F998D6}.Debug|Any CPU.Build.0 = Debug|Any CPU
		{8C73AB79-1E92-4F4A-BEE0-137287F998D6}.Release|Any CPU.ActiveCfg = Release|Any CPU
		{8C73AB79-1E92-4F4A-BEE0-137287F998D6}.Release|Any CPU.Build.0 = Release|Any CPU
		{1C1A4E1B-234E-4251-9FEC-9E5D52FE1A8D}.Debug|Any CPU.ActiveCfg = Debug|Any CPU
		{1C1A4E1B-234E-4251-9FEC-9E5D52FE1A8D}.Debug|Any CPU.Build.0 = Debug|Any CPU
		{1C1A4E1B-234E-4251-9FEC-9E5D52FE1A8D}.Release|Any CPU.ActiveCfg = Release|Any CPU
		{1C1A4E1B-234E-4251-9FEC-9E5D52FE1A8D}.Release|Any CPU.Build.0 = Release|Any CPU
		{AA90DE0C-B1CF-4530-A549-EF04AD632B8B}.Debug|Any CPU.ActiveCfg = Debug|Any CPU
		{AA90DE0C-B1CF-4530-A549-EF04AD632B8B}.Debug|Any CPU.Build.0 = Debug|Any CPU
		{AA90DE0C-B1CF-4530-A549-EF04AD632B8B}.Release|Any CPU.ActiveCfg = Release|Any CPU
		{AA90DE0C-B1CF-4530-A549-EF04AD632B8B}.Release|Any CPU.Build.0 = Release|Any CPU
		{86AD2C25-F8E9-4B1B-BB77-3D920724AF20}.Debug|Any CPU.ActiveCfg = Debug|Any CPU
		{86AD2C25-F8E9-4B1B-BB77-3D920724AF20}.Debug|Any CPU.Build.0 = Debug|Any CPU
		{86AD2C25-F8E9-4B1B-BB77-3D920724AF20}.Release|Any CPU.ActiveCfg = Release|Any CPU
		{86AD2C25-F8E9-4B1B-BB77-3D920724AF20}.Release|Any CPU.Build.0 = Release|Any CPU
		{7353631F-06D5-4353-A6D2-4C790AA88F96}.Debug|Any CPU.ActiveCfg = Debug|Any CPU
		{7353631F-06D5-4353-A6D2-4C790AA88F96}.Debug|Any CPU.Build.0 = Debug|Any CPU
		{7353631F-06D5-4353-A6D2-4C790AA88F96}.Release|Any CPU.ActiveCfg = Release|Any CPU
		{7353631F-06D5-4353-A6D2-4C790AA88F96}.Release|Any CPU.Build.0 = Release|Any CPU
		{5C695CB9-23EF-4C78-AC70-08AEBFED6910}.Debug|Any CPU.ActiveCfg = Debug|Any CPU
		{5C695CB9-23EF-4C78-AC70-08AEBFED6910}.Debug|Any CPU.Build.0 = Debug|Any CPU
		{5C695CB9-23EF-4C78-AC70-08AEBFED6910}.Release|Any CPU.ActiveCfg = Release|Any CPU
		{5C695CB9-23EF-4C78-AC70-08AEBFED6910}.Release|Any CPU.Build.0 = Release|Any CPU
	EndGlobalSection
	GlobalSection(SolutionProperties) = preSolution
		HideSolutionNode = FALSE
	EndGlobalSection
	GlobalSection(NestedProjects) = preSolution
		{25415F47-4D2D-4B8F-ABE1-578AA8FC78E2} = {04AC70E6-DE35-4868-AC13-04F1B666FF0B}
		{2BE098BD-4AEE-4891-A212-7996CCB2C5E3} = {04AC70E6-DE35-4868-AC13-04F1B666FF0B}
		{DE39B28A-606C-405D-9F9C-C63E50612634} = {04AC70E6-DE35-4868-AC13-04F1B666FF0B}
		{82AD2A95-C4E4-4F8F-989C-C9CE1F660CAB} = {04AC70E6-DE35-4868-AC13-04F1B666FF0B}
		{908945D4-3FE5-4092-9427-441E20FAB6BD} = {04AC70E6-DE35-4868-AC13-04F1B666FF0B}
		{5AC707FE-9BEA-4E50-AAB0-CA3FF0A1C274} = {04AC70E6-DE35-4868-AC13-04F1B666FF0B}
		{EA0857E5-5E2A-4FC0-908E-1E77A65A1718} = {04AC70E6-DE35-4868-AC13-04F1B666FF0B}
		{81BBA872-1D0A-4402-A0C3-78FE304781CD} = {04AC70E6-DE35-4868-AC13-04F1B666FF0B}
		{1BFFBC0E-6733-4D2A-8132-2001ECEB9D78} = {04AC70E6-DE35-4868-AC13-04F1B666FF0B}
		{38DCCE41-658A-452C-A03A-A4A138DD5F40} = {04AC70E6-DE35-4868-AC13-04F1B666FF0B}
		{2B15AB54-7690-4357-9201-B987BBE520DC} = {04AC70E6-DE35-4868-AC13-04F1B666FF0B}
		{76446E34-3518-49AA-91AD-4F4D3CF3A203} = {04AC70E6-DE35-4868-AC13-04F1B666FF0B}
		{7C64304F-5F10-4CBF-B920-D09A8D41DC59} = {09F3AAED-AD2B-40EB-AF92-C52AEB6131CB}
		{26DA8898-F02E-4401-8A68-1B76473CC1B4} = {09F3AAED-AD2B-40EB-AF92-C52AEB6131CB}
		{1D04DF0B-FD3D-4D3E-8907-031EFA6242E7} = {09F3AAED-AD2B-40EB-AF92-C52AEB6131CB}
		{777D8FF4-0E03-4488-870B-9C01F6915282} = {09F3AAED-AD2B-40EB-AF92-C52AEB6131CB}
		{9717D140-5F31-4B68-AC5F-0B05098EB185} = {09F3AAED-AD2B-40EB-AF92-C52AEB6131CB}
		{C308D337-41AD-47E2-9A58-B8CBD0A345AC} = {09F3AAED-AD2B-40EB-AF92-C52AEB6131CB}
		{7CE6719F-2ACB-4FA5-91CD-CF76791671AB} = {09F3AAED-AD2B-40EB-AF92-C52AEB6131CB}
		{8C73AB79-1E92-4F4A-BEE0-137287F998D6} = {09F3AAED-AD2B-40EB-AF92-C52AEB6131CB}
		{1C1A4E1B-234E-4251-9FEC-9E5D52FE1A8D} = {09F3AAED-AD2B-40EB-AF92-C52AEB6131CB}
		{AA90DE0C-B1CF-4530-A549-EF04AD632B8B} = {FCCB927A-B698-4EA1-8358-2B3FFBDC9587}
		{86AD2C25-F8E9-4B1B-BB77-3D920724AF20} = {FCCB927A-B698-4EA1-8358-2B3FFBDC9587}
		{7353631F-06D5-4353-A6D2-4C790AA88F96} = {FCCB927A-B698-4EA1-8358-2B3FFBDC9587}
		{5C695CB9-23EF-4C78-AC70-08AEBFED6910} = {FCCB927A-B698-4EA1-8358-2B3FFBDC9587}
	EndGlobalSection
	GlobalSection(ExtensibilityGlobals) = postSolution
		SolutionGuid = {3EB88972-AA20-4BC9-A4BA-9686947244D3}
	EndGlobalSection
EndGlobal
